// !$*UTF8*$!
{
	archiveVersion = 1;
	classes = {
	};
	objectVersion = 50;
	objects = {

/* Begin PBXBuildFile section */
		811479B8234E72CF00502363 /* ColorBlindTest.swift in Sources */ = {isa = PBXBuildFile; fileRef = 811479B7234E72CF00502363 /* ColorBlindTest.swift */; };
		811F93AE234E697400D6375E /* Test.swift in Sources */ = {isa = PBXBuildFile; fileRef = 811F93AD234E697400D6375E /* Test.swift */; };
		81416711234E6E58008C74E0 /* TestRow.swift in Sources */ = {isa = PBXBuildFile; fileRef = 81416710234E6E58008C74E0 /* TestRow.swift */; };
		81416712234E709D008C74E0 /* TestData.json in Resources */ = {isa = PBXBuildFile; fileRef = E2D2A901234E492B00E2404B /* TestData.json */; };
		8165DA012357591D0063A747 /* ResultData.json in Resources */ = {isa = PBXBuildFile; fileRef = 8165DA002357591C0063A747 /* ResultData.json */; };
		8F2E71EA2350286E00D89A71 /* AfterLargerText.png in Resources */ = {isa = PBXBuildFile; fileRef = 8F2E71E42350286E00D89A71 /* AfterLargerText.png */; };
		8F2E71EB2350286E00D89A71 /* AfterDarkMode.png in Resources */ = {isa = PBXBuildFile; fileRef = 8F2E71E52350286E00D89A71 /* AfterDarkMode.png */; };
		8F2E71EC2350286E00D89A71 /* BeforeGrayScale.png in Resources */ = {isa = PBXBuildFile; fileRef = 8F2E71E62350286E00D89A71 /* BeforeGrayScale.png */; };
		8F2E71ED2350286E00D89A71 /* BeforeLargerText.png in Resources */ = {isa = PBXBuildFile; fileRef = 8F2E71E72350286E00D89A71 /* BeforeLargerText.png */; };
		8F2E71EF2350286E00D89A71 /* BeforeDarkMode.png in Resources */ = {isa = PBXBuildFile; fileRef = 8F2E71E92350286E00D89A71 /* BeforeDarkMode.png */; };
		8F2E71F3235029C700D89A71 /* AfterGrayScale.png in Resources */ = {isa = PBXBuildFile; fileRef = 8F2E71F2235029C700D89A71 /* AfterGrayScale.png */; };
		8F2E71F92350DA2E00D89A71 /* BeforeMagnifier.png in Resources */ = {isa = PBXBuildFile; fileRef = 8F2E71F52350DA2E00D89A71 /* BeforeMagnifier.png */; };
		8F2E71FB2350DA2E00D89A71 /* AfterMagnifier.png in Resources */ = {isa = PBXBuildFile; fileRef = 8F2E71F72350DA2E00D89A71 /* AfterMagnifier.png */; };
		8F2E71FE2350DAEE00D89A71 /* AfterZoom.png in Resources */ = {isa = PBXBuildFile; fileRef = 8F2E71FC2350DAED00D89A71 /* AfterZoom.png */; };
		8F2E71FF2350DAEE00D89A71 /* BeforeZoom.png in Resources */ = {isa = PBXBuildFile; fileRef = 8F2E71FD2350DAED00D89A71 /* BeforeZoom.png */; };
		8F8CC16E234FEA79009D629C /* SearchBar.swift in Sources */ = {isa = PBXBuildFile; fileRef = 8F8CC16D234FEA79009D629C /* SearchBar.swift */; };
		8F8CC177234FEE8B009D629C /* AfterReduceTransparencyDock.png in Resources */ = {isa = PBXBuildFile; fileRef = 8F8CC173234FEE8A009D629C /* AfterReduceTransparencyDock.png */; };
		8F8CC179234FEE8B009D629C /* DarkMode.png in Resources */ = {isa = PBXBuildFile; fileRef = 8F8CC175234FEE8A009D629C /* DarkMode.png */; };
		8F8CC17A234FEE8B009D629C /* GrayScale.png in Resources */ = {isa = PBXBuildFile; fileRef = 8F8CC176234FEE8B009D629C /* GrayScale.png */; };
		8FEF7E342350231B0094A22A /* AfterButtonShape.png in Resources */ = {isa = PBXBuildFile; fileRef = 8FEF7E322350231B0094A22A /* AfterButtonShape.png */; };
		8FEF7E352350231B0094A22A /* BeforeButtonShape.png in Resources */ = {isa = PBXBuildFile; fileRef = 8FEF7E332350231B0094A22A /* BeforeButtonShape.png */; };
		E29BC91D235D287B00803278 /* ColorBlindTestView.swift in Sources */ = {isa = PBXBuildFile; fileRef = E29BC91C235D287B00803278 /* ColorBlindTestView.swift */; };
		E29BC91F235D397F00803278 /* Mobility.swift in Sources */ = {isa = PBXBuildFile; fileRef = E29BC91E235D397F00803278 /* Mobility.swift */; };
		E29BC921236F781E00803278 /* MobilityTestView.swift in Sources */ = {isa = PBXBuildFile; fileRef = E29BC920236F781E00803278 /* MobilityTestView.swift */; };
		E2C43DB02350D6F400F61715 /* ResultView.swift in Sources */ = {isa = PBXBuildFile; fileRef = E2C43DAF2350D6F400F61715 /* ResultView.swift */; };
		E2D2A8FE234E439100E2404B /* TestView.swift in Sources */ = {isa = PBXBuildFile; fileRef = E2D2A8FD234E439100E2404B /* TestView.swift */; };
		E2D2A900234E43DA00E2404B /* TestList.swift in Sources */ = {isa = PBXBuildFile; fileRef = E2D2A8FF234E43DA00E2404B /* TestList.swift */; };
		EF0CA163237BD5F000BF2D9E /* DropDown.swift in Sources */ = {isa = PBXBuildFile; fileRef = EF0CA162237BD5F000BF2D9E /* DropDown.swift */; };
		EF0CA165237BDF6300BF2D9E /* down-chevron.png in Resources */ = {isa = PBXBuildFile; fileRef = EF0CA164237BDF6300BF2D9E /* down-chevron.png */; };
		EF0CA167237BE68E00BF2D9E /* up-chevron.png in Resources */ = {isa = PBXBuildFile; fileRef = EF0CA166237BE68E00BF2D9E /* up-chevron.png */; };
		EF10A083233E4F9D004407B5 /* AppDelegate.swift in Sources */ = {isa = PBXBuildFile; fileRef = EF10A082233E4F9D004407B5 /* AppDelegate.swift */; };
		EF10A085233E4F9D004407B5 /* SceneDelegate.swift in Sources */ = {isa = PBXBuildFile; fileRef = EF10A084233E4F9D004407B5 /* SceneDelegate.swift */; };
		EF10A087233E4F9D004407B5 /* ContentView.swift in Sources */ = {isa = PBXBuildFile; fileRef = EF10A086233E4F9D004407B5 /* ContentView.swift */; };
		EF10A089233E4F9F004407B5 /* Assets.xcassets in Resources */ = {isa = PBXBuildFile; fileRef = EF10A088233E4F9F004407B5 /* Assets.xcassets */; };
		EF10A08C233E4F9F004407B5 /* Preview Assets.xcassets in Resources */ = {isa = PBXBuildFile; fileRef = EF10A08B233E4F9F004407B5 /* Preview Assets.xcassets */; };
		EF10A09A233E4F9F004407B5 /* AccesRecsTests.swift in Sources */ = {isa = PBXBuildFile; fileRef = EF10A099233E4F9F004407B5 /* AccesRecsTests.swift */; };
		EF10A0A5233E4F9F004407B5 /* AccesRecsUITests.swift in Sources */ = {isa = PBXBuildFile; fileRef = EF10A0A4233E4F9F004407B5 /* AccesRecsUITests.swift */; };
		EF2D7DCF2357F920008468CD /* home_icon.png in Resources */ = {isa = PBXBuildFile; fileRef = EF2D7DCE2357F91F008468CD /* home_icon.png */; };
		EF416D52234BA67900DC30A9 /* GuideVC.swift in Sources */ = {isa = PBXBuildFile; fileRef = EF416D51234BA67900DC30A9 /* GuideVC.swift */; };
		EF416D54234D3AC000DC30A9 /* GuideTableViewCell.swift in Sources */ = {isa = PBXBuildFile; fileRef = EF416D53234D3AC000DC30A9 /* GuideTableViewCell.swift */; };
		EF5A8903234DBBC9003DB430 /* GuideRow.swift in Sources */ = {isa = PBXBuildFile; fileRef = EF5A8902234DBBC9003DB430 /* GuideRow.swift */; };
		EF5A8908234DBD9B003DB430 /* Guide.swift in Sources */ = {isa = PBXBuildFile; fileRef = EF5A8906234DBD9B003DB430 /* Guide.swift */; };
		EF5A8909234DBD9B003DB430 /* Data.swift in Sources */ = {isa = PBXBuildFile; fileRef = EF5A8907234DBD9B003DB430 /* Data.swift */; };
		EF5A890F234DBEAC003DB430 /* GuideData.json in Resources */ = {isa = PBXBuildFile; fileRef = EF5A890C234DBEAC003DB430 /* GuideData.json */; };
		EF5A8911234DC3A6003DB430 /* GuideList.swift in Sources */ = {isa = PBXBuildFile; fileRef = EF5A8910234DC3A6003DB430 /* GuideList.swift */; };
		EF5A8913234DCE32003DB430 /* TemplateGuideView.swift in Sources */ = {isa = PBXBuildFile; fileRef = EF5A8912234DCE32003DB430 /* TemplateGuideView.swift */; };
		EF5B5F05238642FD00BA2E2B /* GuideData2.json in Resources */ = {isa = PBXBuildFile; fileRef = EF5B5F04238642FC00BA2E2B /* GuideData2.json */; };
		EF5B5F082386535600BA2E2B /* BeforeVoiceOver.png in Resources */ = {isa = PBXBuildFile; fileRef = EF5B5F062386535500BA2E2B /* BeforeVoiceOver.png */; };
		EF5B5F092386535600BA2E2B /* AfterVoiceOver.png in Resources */ = {isa = PBXBuildFile; fileRef = EF5B5F072386535500BA2E2B /* AfterVoiceOver.png */; };
		EF5B5F0C2386553400BA2E2B /* AfterBoldText.png in Resources */ = {isa = PBXBuildFile; fileRef = EF5B5F0A2386553300BA2E2B /* AfterBoldText.png */; };
		EF5B5F0D2386553400BA2E2B /* BeforeBoldText.png in Resources */ = {isa = PBXBuildFile; fileRef = EF5B5F0B2386553400BA2E2B /* BeforeBoldText.png */; };
		EF5B5F162386589F00BA2E2B /* AfterIncreaseContrast.png in Resources */ = {isa = PBXBuildFile; fileRef = EF5B5F102386589D00BA2E2B /* AfterIncreaseContrast.png */; };
		EF5B5F172386589F00BA2E2B /* AfterAssistiveTouch.png in Resources */ = {isa = PBXBuildFile; fileRef = EF5B5F112386589D00BA2E2B /* AfterAssistiveTouch.png */; };
		EF5B5F182386589F00BA2E2B /* BeforeIncreaseContrast.png in Resources */ = {isa = PBXBuildFile; fileRef = EF5B5F122386589E00BA2E2B /* BeforeIncreaseContrast.png */; };
		EF5B5F192386589F00BA2E2B /* BeforeAssistiveTouch.png in Resources */ = {isa = PBXBuildFile; fileRef = EF5B5F132386589E00BA2E2B /* BeforeAssistiveTouch.png */; };
		EF5B5F1A2386589F00BA2E2B /* BeforeOnOff.png in Resources */ = {isa = PBXBuildFile; fileRef = EF5B5F142386589E00BA2E2B /* BeforeOnOff.png */; };
		EF5B5F1B2386589F00BA2E2B /* AfterOnOff.png in Resources */ = {isa = PBXBuildFile; fileRef = EF5B5F152386589F00BA2E2B /* AfterOnOff.png */; };
		EF7253A323413CFC00FEBF0F /* LandingPageView.swift in Sources */ = {isa = PBXBuildFile; fileRef = EF7253A223413CFC00FEBF0F /* LandingPageView.swift */; };
		EF8219B9236E7B000025E7DF /* x_button.png in Resources */ = {isa = PBXBuildFile; fileRef = EF8219B8236E7B000025E7DF /* x_button.png */; };
		EF84A6AA2381D16C00FC6CA5 /* SettingsStepsView.swift in Sources */ = {isa = PBXBuildFile; fileRef = EF84A6A92381D16C00FC6CA5 /* SettingsStepsView.swift */; };
		EF977AF6238842E6001542DB /* digitalAccess.png in Resources */ = {isa = PBXBuildFile; fileRef = EF977AF4238842E6001542DB /* digitalAccess.png */; };
		EF977AF7238842E6001542DB /* digitalAccess.png in Resources */ = {isa = PBXBuildFile; fileRef = EF977AF4238842E6001542DB /* digitalAccess.png */; };
		EF977AF8238842E6001542DB /* digitalAccess.png in Resources */ = {isa = PBXBuildFile; fileRef = EF977AF4238842E6001542DB /* digitalAccess.png */; };
		EF977AFD238848C1001542DB /* slow-motion.png in Resources */ = {isa = PBXBuildFile; fileRef = EF977AFC238848C0001542DB /* slow-motion.png */; };
		EF977AFE238848C1001542DB /* slow-motion.png in Resources */ = {isa = PBXBuildFile; fileRef = EF977AFC238848C0001542DB /* slow-motion.png */; };
		EF977AFF238848C1001542DB /* slow-motion.png in Resources */ = {isa = PBXBuildFile; fileRef = EF977AFC238848C0001542DB /* slow-motion.png */; };
		EFABA6152350D0EE00229064 /* BeforeReduceTransparencyDock.png in Resources */ = {isa = PBXBuildFile; fileRef = EFABA6142350D0EE00229064 /* BeforeReduceTransparencyDock.png */; };
		EFABA61C2352620F00229064 /* MagnifierLogo.png in Resources */ = {isa = PBXBuildFile; fileRef = EFABA6162352620E00229064 /* MagnifierLogo.png */; };
		EFABA61D2352620F00229064 /* ButtonShapeLogo.png in Resources */ = {isa = PBXBuildFile; fileRef = EFABA6172352620E00229064 /* ButtonShapeLogo.png */; };
		EFABA61E2352620F00229064 /* LargeTextLogo.png in Resources */ = {isa = PBXBuildFile; fileRef = EFABA6182352620E00229064 /* LargeTextLogo.png */; };
		EFABA61F2352620F00229064 /* ReduceTransparencyLogo.png in Resources */ = {isa = PBXBuildFile; fileRef = EFABA6192352620E00229064 /* ReduceTransparencyLogo.png */; };
		EFABA6202352620F00229064 /* ZoomLogo.png in Resources */ = {isa = PBXBuildFile; fileRef = EFABA61A2352620F00229064 /* ZoomLogo.png */; };
		EFABA6212352620F00229064 /* MotionLogo.png in Resources */ = {isa = PBXBuildFile; fileRef = EFABA61B2352620F00229064 /* MotionLogo.png */; };
		EFABA6232352804E00229064 /* BeforeReduceTransparency.png in Resources */ = {isa = PBXBuildFile; fileRef = EFABA6222352804D00229064 /* BeforeReduceTransparency.png */; };
		EFABA6252352806200229064 /* AfterReduceTransparency.png in Resources */ = {isa = PBXBuildFile; fileRef = EFABA6242352806200229064 /* AfterReduceTransparency.png */; };
		EFC504D7238451470073EC3D /* UsageGuideView.swift in Sources */ = {isa = PBXBuildFile; fileRef = EFC504D6238451470073EC3D /* UsageGuideView.swift */; };
		EFD6B2B3238680BA003D91E3 /* eye.png in Resources */ = {isa = PBXBuildFile; fileRef = EFD6B2B2238680BA003D91E3 /* eye.png */; };
/* End PBXBuildFile section */

/* Begin PBXContainerItemProxy section */
		EF10A096233E4F9F004407B5 /* PBXContainerItemProxy */ = {
			isa = PBXContainerItemProxy;
			containerPortal = EF10A077233E4F9D004407B5 /* Project object */;
			proxyType = 1;
			remoteGlobalIDString = EF10A07E233E4F9D004407B5;
			remoteInfo = AccesRecs;
		};
		EF10A0A1233E4F9F004407B5 /* PBXContainerItemProxy */ = {
			isa = PBXContainerItemProxy;
			containerPortal = EF10A077233E4F9D004407B5 /* Project object */;
			proxyType = 1;
			remoteGlobalIDString = EF10A07E233E4F9D004407B5;
			remoteInfo = AccesRecs;
		};
/* End PBXContainerItemProxy section */

/* Begin PBXFileReference section */
		811479B7234E72CF00502363 /* ColorBlindTest.swift */ = {isa = PBXFileReference; lastKnownFileType = sourcecode.swift; path = ColorBlindTest.swift; sourceTree = "<group>"; };
		811F93AD234E697400D6375E /* Test.swift */ = {isa = PBXFileReference; lastKnownFileType = sourcecode.swift; path = Test.swift; sourceTree = "<group>"; };
		81416710234E6E58008C74E0 /* TestRow.swift */ = {isa = PBXFileReference; lastKnownFileType = sourcecode.swift; path = TestRow.swift; sourceTree = "<group>"; };
		8165DA002357591C0063A747 /* ResultData.json */ = {isa = PBXFileReference; fileEncoding = 4; lastKnownFileType = text.json; path = ResultData.json; sourceTree = "<group>"; };
		8F2E71E42350286E00D89A71 /* AfterLargerText.png */ = {isa = PBXFileReference; lastKnownFileType = image.png; path = AfterLargerText.png; sourceTree = "<group>"; };
		8F2E71E52350286E00D89A71 /* AfterDarkMode.png */ = {isa = PBXFileReference; lastKnownFileType = image.png; path = AfterDarkMode.png; sourceTree = "<group>"; };
		8F2E71E62350286E00D89A71 /* BeforeGrayScale.png */ = {isa = PBXFileReference; lastKnownFileType = image.png; path = BeforeGrayScale.png; sourceTree = "<group>"; };
		8F2E71E72350286E00D89A71 /* BeforeLargerText.png */ = {isa = PBXFileReference; lastKnownFileType = image.png; path = BeforeLargerText.png; sourceTree = "<group>"; };
		8F2E71E92350286E00D89A71 /* BeforeDarkMode.png */ = {isa = PBXFileReference; lastKnownFileType = image.png; path = BeforeDarkMode.png; sourceTree = "<group>"; };
		8F2E71F2235029C700D89A71 /* AfterGrayScale.png */ = {isa = PBXFileReference; lastKnownFileType = image.png; path = AfterGrayScale.png; sourceTree = "<group>"; };
		8F2E71F52350DA2E00D89A71 /* BeforeMagnifier.png */ = {isa = PBXFileReference; lastKnownFileType = image.png; path = BeforeMagnifier.png; sourceTree = "<group>"; };
		8F2E71F72350DA2E00D89A71 /* AfterMagnifier.png */ = {isa = PBXFileReference; lastKnownFileType = image.png; path = AfterMagnifier.png; sourceTree = "<group>"; };
		8F2E71FC2350DAED00D89A71 /* AfterZoom.png */ = {isa = PBXFileReference; lastKnownFileType = image.png; path = AfterZoom.png; sourceTree = "<group>"; };
		8F2E71FD2350DAED00D89A71 /* BeforeZoom.png */ = {isa = PBXFileReference; lastKnownFileType = image.png; path = BeforeZoom.png; sourceTree = "<group>"; };
		8F8CC16D234FEA79009D629C /* SearchBar.swift */ = {isa = PBXFileReference; fileEncoding = 4; lastKnownFileType = sourcecode.swift; path = SearchBar.swift; sourceTree = "<group>"; };
		8F8CC173234FEE8A009D629C /* AfterReduceTransparencyDock.png */ = {isa = PBXFileReference; lastKnownFileType = image.png; path = AfterReduceTransparencyDock.png; sourceTree = "<group>"; };
		8F8CC175234FEE8A009D629C /* DarkMode.png */ = {isa = PBXFileReference; lastKnownFileType = image.png; path = DarkMode.png; sourceTree = "<group>"; };
		8F8CC176234FEE8B009D629C /* GrayScale.png */ = {isa = PBXFileReference; lastKnownFileType = image.png; path = GrayScale.png; sourceTree = "<group>"; };
		8FEF7E322350231B0094A22A /* AfterButtonShape.png */ = {isa = PBXFileReference; lastKnownFileType = image.png; path = AfterButtonShape.png; sourceTree = "<group>"; };
		8FEF7E332350231B0094A22A /* BeforeButtonShape.png */ = {isa = PBXFileReference; lastKnownFileType = image.png; path = BeforeButtonShape.png; sourceTree = "<group>"; };
		E29BC91C235D287B00803278 /* ColorBlindTestView.swift */ = {isa = PBXFileReference; lastKnownFileType = sourcecode.swift; path = ColorBlindTestView.swift; sourceTree = "<group>"; };
		E29BC91E235D397F00803278 /* Mobility.swift */ = {isa = PBXFileReference; lastKnownFileType = sourcecode.swift; path = Mobility.swift; sourceTree = "<group>"; };
		E29BC920236F781E00803278 /* MobilityTestView.swift */ = {isa = PBXFileReference; lastKnownFileType = sourcecode.swift; path = MobilityTestView.swift; sourceTree = "<group>"; };
		E2C43DAF2350D6F400F61715 /* ResultView.swift */ = {isa = PBXFileReference; lastKnownFileType = sourcecode.swift; path = ResultView.swift; sourceTree = "<group>"; };
		E2D2A8FD234E439100E2404B /* TestView.swift */ = {isa = PBXFileReference; lastKnownFileType = sourcecode.swift; path = TestView.swift; sourceTree = "<group>"; };
		E2D2A8FF234E43DA00E2404B /* TestList.swift */ = {isa = PBXFileReference; lastKnownFileType = sourcecode.swift; path = TestList.swift; sourceTree = "<group>"; };
		E2D2A901234E492B00E2404B /* TestData.json */ = {isa = PBXFileReference; lastKnownFileType = text.json; path = TestData.json; sourceTree = "<group>"; };
		EF0CA162237BD5F000BF2D9E /* DropDown.swift */ = {isa = PBXFileReference; lastKnownFileType = sourcecode.swift; path = DropDown.swift; sourceTree = "<group>"; };
		EF0CA164237BDF6300BF2D9E /* down-chevron.png */ = {isa = PBXFileReference; lastKnownFileType = image.png; path = "down-chevron.png"; sourceTree = "<group>"; };
		EF0CA166237BE68E00BF2D9E /* up-chevron.png */ = {isa = PBXFileReference; lastKnownFileType = image.png; path = "up-chevron.png"; sourceTree = "<group>"; };
		EF10A07F233E4F9D004407B5 /* AccesRecs.app */ = {isa = PBXFileReference; explicitFileType = wrapper.application; includeInIndex = 0; path = AccesRecs.app; sourceTree = BUILT_PRODUCTS_DIR; };
		EF10A082233E4F9D004407B5 /* AppDelegate.swift */ = {isa = PBXFileReference; lastKnownFileType = sourcecode.swift; path = AppDelegate.swift; sourceTree = "<group>"; };
		EF10A084233E4F9D004407B5 /* SceneDelegate.swift */ = {isa = PBXFileReference; lastKnownFileType = sourcecode.swift; path = SceneDelegate.swift; sourceTree = "<group>"; };
		EF10A086233E4F9D004407B5 /* ContentView.swift */ = {isa = PBXFileReference; lastKnownFileType = sourcecode.swift; path = ContentView.swift; sourceTree = "<group>"; };
		EF10A088233E4F9F004407B5 /* Assets.xcassets */ = {isa = PBXFileReference; lastKnownFileType = folder.assetcatalog; path = Assets.xcassets; sourceTree = "<group>"; };
		EF10A08B233E4F9F004407B5 /* Preview Assets.xcassets */ = {isa = PBXFileReference; lastKnownFileType = folder.assetcatalog; path = "Preview Assets.xcassets"; sourceTree = "<group>"; };
		EF10A090233E4F9F004407B5 /* Info.plist */ = {isa = PBXFileReference; lastKnownFileType = text.plist.xml; path = Info.plist; sourceTree = "<group>"; };
		EF10A095233E4F9F004407B5 /* AccesRecsTests.xctest */ = {isa = PBXFileReference; explicitFileType = wrapper.cfbundle; includeInIndex = 0; path = AccesRecsTests.xctest; sourceTree = BUILT_PRODUCTS_DIR; };
		EF10A099233E4F9F004407B5 /* AccesRecsTests.swift */ = {isa = PBXFileReference; lastKnownFileType = sourcecode.swift; path = AccesRecsTests.swift; sourceTree = "<group>"; };
		EF10A09B233E4F9F004407B5 /* Info.plist */ = {isa = PBXFileReference; lastKnownFileType = text.plist.xml; path = Info.plist; sourceTree = "<group>"; };
		EF10A0A0233E4F9F004407B5 /* AccesRecsUITests.xctest */ = {isa = PBXFileReference; explicitFileType = wrapper.cfbundle; includeInIndex = 0; path = AccesRecsUITests.xctest; sourceTree = BUILT_PRODUCTS_DIR; };
		EF10A0A4233E4F9F004407B5 /* AccesRecsUITests.swift */ = {isa = PBXFileReference; lastKnownFileType = sourcecode.swift; path = AccesRecsUITests.swift; sourceTree = "<group>"; };
		EF10A0A6233E4F9F004407B5 /* Info.plist */ = {isa = PBXFileReference; lastKnownFileType = text.plist.xml; path = Info.plist; sourceTree = "<group>"; };
		EF2D7DCE2357F91F008468CD /* home_icon.png */ = {isa = PBXFileReference; lastKnownFileType = image.png; path = home_icon.png; sourceTree = "<group>"; };
		EF416D51234BA67900DC30A9 /* GuideVC.swift */ = {isa = PBXFileReference; lastKnownFileType = sourcecode.swift; path = GuideVC.swift; sourceTree = "<group>"; };
		EF416D53234D3AC000DC30A9 /* GuideTableViewCell.swift */ = {isa = PBXFileReference; lastKnownFileType = sourcecode.swift; path = GuideTableViewCell.swift; sourceTree = "<group>"; };
		EF5A8902234DBBC9003DB430 /* GuideRow.swift */ = {isa = PBXFileReference; lastKnownFileType = sourcecode.swift; path = GuideRow.swift; sourceTree = "<group>"; };
		EF5A8906234DBD9B003DB430 /* Guide.swift */ = {isa = PBXFileReference; fileEncoding = 4; lastKnownFileType = sourcecode.swift; path = Guide.swift; sourceTree = "<group>"; };
		EF5A8907234DBD9B003DB430 /* Data.swift */ = {isa = PBXFileReference; fileEncoding = 4; lastKnownFileType = sourcecode.swift; path = Data.swift; sourceTree = "<group>"; };
		EF5A890C234DBEAC003DB430 /* GuideData.json */ = {isa = PBXFileReference; fileEncoding = 4; lastKnownFileType = text.json; path = GuideData.json; sourceTree = "<group>"; };
		EF5A8910234DC3A6003DB430 /* GuideList.swift */ = {isa = PBXFileReference; lastKnownFileType = sourcecode.swift; path = GuideList.swift; sourceTree = "<group>"; };
		EF5A8912234DCE32003DB430 /* TemplateGuideView.swift */ = {isa = PBXFileReference; lastKnownFileType = sourcecode.swift; path = TemplateGuideView.swift; sourceTree = "<group>"; };
		EF5B5F04238642FC00BA2E2B /* GuideData2.json */ = {isa = PBXFileReference; fileEncoding = 4; lastKnownFileType = text.json; path = GuideData2.json; sourceTree = "<group>"; };
		EF5B5F062386535500BA2E2B /* BeforeVoiceOver.png */ = {isa = PBXFileReference; lastKnownFileType = image.png; path = BeforeVoiceOver.png; sourceTree = "<group>"; };
		EF5B5F072386535500BA2E2B /* AfterVoiceOver.png */ = {isa = PBXFileReference; lastKnownFileType = image.png; path = AfterVoiceOver.png; sourceTree = "<group>"; };
		EF5B5F0A2386553300BA2E2B /* AfterBoldText.png */ = {isa = PBXFileReference; lastKnownFileType = image.png; path = AfterBoldText.png; sourceTree = "<group>"; };
		EF5B5F0B2386553400BA2E2B /* BeforeBoldText.png */ = {isa = PBXFileReference; lastKnownFileType = image.png; path = BeforeBoldText.png; sourceTree = "<group>"; };
		EF5B5F102386589D00BA2E2B /* AfterIncreaseContrast.png */ = {isa = PBXFileReference; lastKnownFileType = image.png; path = AfterIncreaseContrast.png; sourceTree = "<group>"; };
		EF5B5F112386589D00BA2E2B /* AfterAssistiveTouch.png */ = {isa = PBXFileReference; lastKnownFileType = image.png; path = AfterAssistiveTouch.png; sourceTree = "<group>"; };
		EF5B5F122386589E00BA2E2B /* BeforeIncreaseContrast.png */ = {isa = PBXFileReference; lastKnownFileType = image.png; path = BeforeIncreaseContrast.png; sourceTree = "<group>"; };
		EF5B5F132386589E00BA2E2B /* BeforeAssistiveTouch.png */ = {isa = PBXFileReference; lastKnownFileType = image.png; path = BeforeAssistiveTouch.png; sourceTree = "<group>"; };
		EF5B5F142386589E00BA2E2B /* BeforeOnOff.png */ = {isa = PBXFileReference; lastKnownFileType = image.png; path = BeforeOnOff.png; sourceTree = "<group>"; };
		EF5B5F152386589F00BA2E2B /* AfterOnOff.png */ = {isa = PBXFileReference; lastKnownFileType = image.png; path = AfterOnOff.png; sourceTree = "<group>"; };
		EF7253A223413CFC00FEBF0F /* LandingPageView.swift */ = {isa = PBXFileReference; lastKnownFileType = sourcecode.swift; path = LandingPageView.swift; sourceTree = "<group>"; };
		EF8219B8236E7B000025E7DF /* x_button.png */ = {isa = PBXFileReference; lastKnownFileType = image.png; path = x_button.png; sourceTree = "<group>"; };
		EF84A6A92381D16C00FC6CA5 /* SettingsStepsView.swift */ = {isa = PBXFileReference; lastKnownFileType = sourcecode.swift; path = SettingsStepsView.swift; sourceTree = "<group>"; };
		EF977AF4238842E6001542DB /* digitalAccess.png */ = {isa = PBXFileReference; lastKnownFileType = image.png; path = digitalAccess.png; sourceTree = "<group>"; };
		EF977AFC238848C0001542DB /* slow-motion.png */ = {isa = PBXFileReference; lastKnownFileType = image.png; path = "slow-motion.png"; sourceTree = "<group>"; };
		EFABA6142350D0EE00229064 /* BeforeReduceTransparencyDock.png */ = {isa = PBXFileReference; lastKnownFileType = image.png; path = BeforeReduceTransparencyDock.png; sourceTree = "<group>"; };
		EFABA6162352620E00229064 /* MagnifierLogo.png */ = {isa = PBXFileReference; lastKnownFileType = image.png; path = MagnifierLogo.png; sourceTree = "<group>"; };
		EFABA6172352620E00229064 /* ButtonShapeLogo.png */ = {isa = PBXFileReference; lastKnownFileType = image.png; path = ButtonShapeLogo.png; sourceTree = "<group>"; };
		EFABA6182352620E00229064 /* LargeTextLogo.png */ = {isa = PBXFileReference; lastKnownFileType = image.png; path = LargeTextLogo.png; sourceTree = "<group>"; };
		EFABA6192352620E00229064 /* ReduceTransparencyLogo.png */ = {isa = PBXFileReference; lastKnownFileType = image.png; path = ReduceTransparencyLogo.png; sourceTree = "<group>"; };
		EFABA61A2352620F00229064 /* ZoomLogo.png */ = {isa = PBXFileReference; lastKnownFileType = image.png; path = ZoomLogo.png; sourceTree = "<group>"; };
		EFABA61B2352620F00229064 /* MotionLogo.png */ = {isa = PBXFileReference; lastKnownFileType = image.png; path = MotionLogo.png; sourceTree = "<group>"; };
		EFABA6222352804D00229064 /* BeforeReduceTransparency.png */ = {isa = PBXFileReference; lastKnownFileType = image.png; path = BeforeReduceTransparency.png; sourceTree = "<group>"; };
		EFABA6242352806200229064 /* AfterReduceTransparency.png */ = {isa = PBXFileReference; lastKnownFileType = image.png; path = AfterReduceTransparency.png; sourceTree = "<group>"; };
		EFC504D6238451470073EC3D /* UsageGuideView.swift */ = {isa = PBXFileReference; lastKnownFileType = sourcecode.swift; path = UsageGuideView.swift; sourceTree = "<group>"; };
		EFD6B2B2238680BA003D91E3 /* eye.png */ = {isa = PBXFileReference; lastKnownFileType = image.png; path = eye.png; sourceTree = "<group>"; };
/* End PBXFileReference section */

/* Begin PBXFrameworksBuildPhase section */
		EF10A07C233E4F9D004407B5 /* Frameworks */ = {
			isa = PBXFrameworksBuildPhase;
			buildActionMask = 2147483647;
			files = (
			);
			runOnlyForDeploymentPostprocessing = 0;
		};
		EF10A092233E4F9F004407B5 /* Frameworks */ = {
			isa = PBXFrameworksBuildPhase;
			buildActionMask = 2147483647;
			files = (
			);
			runOnlyForDeploymentPostprocessing = 0;
		};
		EF10A09D233E4F9F004407B5 /* Frameworks */ = {
			isa = PBXFrameworksBuildPhase;
			buildActionMask = 2147483647;
			files = (
			);
			runOnlyForDeploymentPostprocessing = 0;
		};
/* End PBXFrameworksBuildPhase section */

/* Begin PBXGroup section */
		E2D2A8FC234E430800E2404B /* Items */ = {
			isa = PBXGroup;
			children = (
			);
			path = Items;
			sourceTree = "<group>";
		};
		EF10A076233E4F9D004407B5 = {
			isa = PBXGroup;
			children = (
				E2D2A8FC234E430800E2404B /* Items */,
				EF10A081233E4F9D004407B5 /* AccesRecs */,
				EF10A098233E4F9F004407B5 /* AccesRecsTests */,
				EF10A0A3233E4F9F004407B5 /* AccesRecsUITests */,
				EF10A080233E4F9D004407B5 /* Products */,
			);
			sourceTree = "<group>";
		};
		EF10A080233E4F9D004407B5 /* Products */ = {
			isa = PBXGroup;
			children = (
				EF10A07F233E4F9D004407B5 /* AccesRecs.app */,
				EF10A095233E4F9F004407B5 /* AccesRecsTests.xctest */,
				EF10A0A0233E4F9F004407B5 /* AccesRecsUITests.xctest */,
			);
			name = Products;
			sourceTree = "<group>";
		};
		EF10A081233E4F9D004407B5 /* AccesRecs */ = {
			isa = PBXGroup;
			children = (
				EF977AFC238848C0001542DB /* slow-motion.png */,
				EF977AF4238842E6001542DB /* digitalAccess.png */,
				EFD6B2B2238680BA003D91E3 /* eye.png */,
				EF5B5F112386589D00BA2E2B /* AfterAssistiveTouch.png */,
				EF5B5F102386589D00BA2E2B /* AfterIncreaseContrast.png */,
				EF5B5F152386589F00BA2E2B /* AfterOnOff.png */,
				EF5B5F132386589E00BA2E2B /* BeforeAssistiveTouch.png */,
				EF5B5F122386589E00BA2E2B /* BeforeIncreaseContrast.png */,
				EF5B5F142386589E00BA2E2B /* BeforeOnOff.png */,
				EF5B5F0A2386553300BA2E2B /* AfterBoldText.png */,
				EF5B5F0B2386553400BA2E2B /* BeforeBoldText.png */,
				EF5B5F072386535500BA2E2B /* AfterVoiceOver.png */,
				EF5B5F062386535500BA2E2B /* BeforeVoiceOver.png */,
				EF5B5F04238642FC00BA2E2B /* GuideData2.json */,
				EF0CA166237BE68E00BF2D9E /* up-chevron.png */,
				EF0CA164237BDF6300BF2D9E /* down-chevron.png */,
				EF8219B8236E7B000025E7DF /* x_button.png */,
				E2D2A8FF234E43DA00E2404B /* TestList.swift */,
				81416710234E6E58008C74E0 /* TestRow.swift */,
				EF2D7DCE2357F91F008468CD /* home_icon.png */,
				EFABA6242352806200229064 /* AfterReduceTransparency.png */,
				EFABA6222352804D00229064 /* BeforeReduceTransparency.png */,
				EFABA6172352620E00229064 /* ButtonShapeLogo.png */,
				EFABA6182352620E00229064 /* LargeTextLogo.png */,
				EFABA6162352620E00229064 /* MagnifierLogo.png */,
				EFABA61B2352620F00229064 /* MotionLogo.png */,
				EFABA6192352620E00229064 /* ReduceTransparencyLogo.png */,
				EFABA61A2352620F00229064 /* ZoomLogo.png */,
				8F2E71FC2350DAED00D89A71 /* AfterZoom.png */,
				8F2E71FD2350DAED00D89A71 /* BeforeZoom.png */,
				8F2E71F72350DA2E00D89A71 /* AfterMagnifier.png */,
				8F2E71F52350DA2E00D89A71 /* BeforeMagnifier.png */,
				EFABA6142350D0EE00229064 /* BeforeReduceTransparencyDock.png */,
				8F2E71F2235029C700D89A71 /* AfterGrayScale.png */,
				8F2E71E52350286E00D89A71 /* AfterDarkMode.png */,
				8F2E71E42350286E00D89A71 /* AfterLargerText.png */,
				8F2E71E92350286E00D89A71 /* BeforeDarkMode.png */,
				8F2E71E62350286E00D89A71 /* BeforeGrayScale.png */,
				8F2E71E72350286E00D89A71 /* BeforeLargerText.png */,
				8FEF7E322350231B0094A22A /* AfterButtonShape.png */,
				8FEF7E332350231B0094A22A /* BeforeButtonShape.png */,
				8F8CC173234FEE8A009D629C /* AfterReduceTransparencyDock.png */,
				8F8CC175234FEE8A009D629C /* DarkMode.png */,
				8F8CC176234FEE8B009D629C /* GrayScale.png */,
				EF5A890C234DBEAC003DB430 /* GuideData.json */,
				E2D2A901234E492B00E2404B /* TestData.json */,
				8165DA002357591C0063A747 /* ResultData.json */,
				EF10A082233E4F9D004407B5 /* AppDelegate.swift */,
				EF5A8907234DBD9B003DB430 /* Data.swift */,
				811F93AD234E697400D6375E /* Test.swift */,
				811479B7234E72CF00502363 /* ColorBlindTest.swift */,
				EF5A8906234DBD9B003DB430 /* Guide.swift */,
				EF5A8910234DC3A6003DB430 /* GuideList.swift */,
				8F8CC16D234FEA79009D629C /* SearchBar.swift */,
				EF5A8902234DBBC9003DB430 /* GuideRow.swift */,
				EF5A8912234DCE32003DB430 /* TemplateGuideView.swift */,
				EF84A6A92381D16C00FC6CA5 /* SettingsStepsView.swift */,
				EFC504D6238451470073EC3D /* UsageGuideView.swift */,
				EF416D51234BA67900DC30A9 /* GuideVC.swift */,
				EF416D53234D3AC000DC30A9 /* GuideTableViewCell.swift */,
				EF7253A223413CFC00FEBF0F /* LandingPageView.swift */,
				EF10A084233E4F9D004407B5 /* SceneDelegate.swift */,
				EF10A086233E4F9D004407B5 /* ContentView.swift */,
				EF10A088233E4F9F004407B5 /* Assets.xcassets */,
				E2D2A8FD234E439100E2404B /* TestView.swift */,
				E29BC91C235D287B00803278 /* ColorBlindTestView.swift */,
				E29BC920236F781E00803278 /* MobilityTestView.swift */,
				E29BC91E235D397F00803278 /* Mobility.swift */,
				E2C43DAF2350D6F400F61715 /* ResultView.swift */,
				EF0CA162237BD5F000BF2D9E /* DropDown.swift */,
				EF10A090233E4F9F004407B5 /* Info.plist */,
				EF10A08A233E4F9F004407B5 /* Preview Content */,
			);
			path = AccesRecs;
			sourceTree = "<group>";
		};
		EF10A08A233E4F9F004407B5 /* Preview Content */ = {
			isa = PBXGroup;
			children = (
				EF10A08B233E4F9F004407B5 /* Preview Assets.xcassets */,
			);
			path = "Preview Content";
			sourceTree = "<group>";
		};
		EF10A098233E4F9F004407B5 /* AccesRecsTests */ = {
			isa = PBXGroup;
			children = (
				EF10A099233E4F9F004407B5 /* AccesRecsTests.swift */,
				EF10A09B233E4F9F004407B5 /* Info.plist */,
			);
			path = AccesRecsTests;
			sourceTree = "<group>";
		};
		EF10A0A3233E4F9F004407B5 /* AccesRecsUITests */ = {
			isa = PBXGroup;
			children = (
				EF10A0A4233E4F9F004407B5 /* AccesRecsUITests.swift */,
				EF10A0A6233E4F9F004407B5 /* Info.plist */,
			);
			path = AccesRecsUITests;
			sourceTree = "<group>";
		};
/* End PBXGroup section */

/* Begin PBXNativeTarget section */
		EF10A07E233E4F9D004407B5 /* AccesRecs */ = {
			isa = PBXNativeTarget;
			buildConfigurationList = EF10A0A9233E4F9F004407B5 /* Build configuration list for PBXNativeTarget "AccesRecs" */;
			buildPhases = (
				EF10A07B233E4F9D004407B5 /* Sources */,
				EF10A07C233E4F9D004407B5 /* Frameworks */,
				EF10A07D233E4F9D004407B5 /* Resources */,
			);
			buildRules = (
			);
			dependencies = (
			);
			name = AccesRecs;
			productName = AccesRecs;
			productReference = EF10A07F233E4F9D004407B5 /* AccesRecs.app */;
			productType = "com.apple.product-type.application";
		};
		EF10A094233E4F9F004407B5 /* AccesRecsTests */ = {
			isa = PBXNativeTarget;
			buildConfigurationList = EF10A0AC233E4F9F004407B5 /* Build configuration list for PBXNativeTarget "AccesRecsTests" */;
			buildPhases = (
				EF10A091233E4F9F004407B5 /* Sources */,
				EF10A092233E4F9F004407B5 /* Frameworks */,
				EF10A093233E4F9F004407B5 /* Resources */,
			);
			buildRules = (
			);
			dependencies = (
				EF10A097233E4F9F004407B5 /* PBXTargetDependency */,
			);
			name = AccesRecsTests;
			productName = AccesRecsTests;
			productReference = EF10A095233E4F9F004407B5 /* AccesRecsTests.xctest */;
			productType = "com.apple.product-type.bundle.unit-test";
		};
		EF10A09F233E4F9F004407B5 /* AccesRecsUITests */ = {
			isa = PBXNativeTarget;
			buildConfigurationList = EF10A0AF233E4F9F004407B5 /* Build configuration list for PBXNativeTarget "AccesRecsUITests" */;
			buildPhases = (
				EF10A09C233E4F9F004407B5 /* Sources */,
				EF10A09D233E4F9F004407B5 /* Frameworks */,
				EF10A09E233E4F9F004407B5 /* Resources */,
			);
			buildRules = (
			);
			dependencies = (
				EF10A0A2233E4F9F004407B5 /* PBXTargetDependency */,
			);
			name = AccesRecsUITests;
			productName = AccesRecsUITests;
			productReference = EF10A0A0233E4F9F004407B5 /* AccesRecsUITests.xctest */;
			productType = "com.apple.product-type.bundle.ui-testing";
		};
/* End PBXNativeTarget section */

/* Begin PBXProject section */
		EF10A077233E4F9D004407B5 /* Project object */ = {
			isa = PBXProject;
			attributes = {
				LastSwiftUpdateCheck = 1100;
				LastUpgradeCheck = 1100;
				ORGANIZATIONNAME = "Norin Lavaee";
				TargetAttributes = {
					EF10A07E233E4F9D004407B5 = {
						CreatedOnToolsVersion = 11.0;
					};
					EF10A094233E4F9F004407B5 = {
						CreatedOnToolsVersion = 11.0;
						TestTargetID = EF10A07E233E4F9D004407B5;
					};
					EF10A09F233E4F9F004407B5 = {
						CreatedOnToolsVersion = 11.0;
						TestTargetID = EF10A07E233E4F9D004407B5;
					};
				};
			};
			buildConfigurationList = EF10A07A233E4F9D004407B5 /* Build configuration list for PBXProject "AccesRecs" */;
			compatibilityVersion = "Xcode 9.3";
			developmentRegion = en;
			hasScannedForEncodings = 0;
			knownRegions = (
				en,
				Base,
			);
			mainGroup = EF10A076233E4F9D004407B5;
			productRefGroup = EF10A080233E4F9D004407B5 /* Products */;
			projectDirPath = "";
			projectRoot = "";
			targets = (
				EF10A07E233E4F9D004407B5 /* AccesRecs */,
				EF10A094233E4F9F004407B5 /* AccesRecsTests */,
				EF10A09F233E4F9F004407B5 /* AccesRecsUITests */,
			);
		};
/* End PBXProject section */

/* Begin PBXResourcesBuildPhase section */
		EF10A07D233E4F9D004407B5 /* Resources */ = {
			isa = PBXResourcesBuildPhase;
			buildActionMask = 2147483647;
			files = (
				8F2E71F3235029C700D89A71 /* AfterGrayScale.png in Resources */,
				EF8219B9236E7B000025E7DF /* x_button.png in Resources */,
				EF2D7DCF2357F920008468CD /* home_icon.png in Resources */,
				EF10A08C233E4F9F004407B5 /* Preview Assets.xcassets in Resources */,
				81416712234E709D008C74E0 /* TestData.json in Resources */,
				EF5B5F082386535600BA2E2B /* BeforeVoiceOver.png in Resources */,
				EF5A890F234DBEAC003DB430 /* GuideData.json in Resources */,
				EF5B5F1B2386589F00BA2E2B /* AfterOnOff.png in Resources */,
				EFABA6212352620F00229064 /* MotionLogo.png in Resources */,
				EF5B5F0D2386553400BA2E2B /* BeforeBoldText.png in Resources */,
				8F2E71EA2350286E00D89A71 /* AfterLargerText.png in Resources */,
				8F2E71ED2350286E00D89A71 /* BeforeLargerText.png in Resources */,
				EF5B5F05238642FD00BA2E2B /* GuideData2.json in Resources */,
				EF5B5F162386589F00BA2E2B /* AfterIncreaseContrast.png in Resources */,
				EFABA6202352620F00229064 /* ZoomLogo.png in Resources */,
				8F2E71FF2350DAEE00D89A71 /* BeforeZoom.png in Resources */,
				EFABA61F2352620F00229064 /* ReduceTransparencyLogo.png in Resources */,
				8F8CC17A234FEE8B009D629C /* GrayScale.png in Resources */,
				EFABA61D2352620F00229064 /* ButtonShapeLogo.png in Resources */,
				8F2E71EC2350286E00D89A71 /* BeforeGrayScale.png in Resources */,
				8F2E71FB2350DA2E00D89A71 /* AfterMagnifier.png in Resources */,
				EF10A089233E4F9F004407B5 /* Assets.xcassets in Resources */,
				8165DA012357591D0063A747 /* ResultData.json in Resources */,
				EFABA61E2352620F00229064 /* LargeTextLogo.png in Resources */,
				EFD6B2B3238680BA003D91E3 /* eye.png in Resources */,
				EF977AFD238848C1001542DB /* slow-motion.png in Resources */,
				EF0CA167237BE68E00BF2D9E /* up-chevron.png in Resources */,
				8F2E71F92350DA2E00D89A71 /* BeforeMagnifier.png in Resources */,
				8FEF7E352350231B0094A22A /* BeforeButtonShape.png in Resources */,
				EF5B5F172386589F00BA2E2B /* AfterAssistiveTouch.png in Resources */,
				EF5B5F0C2386553400BA2E2B /* AfterBoldText.png in Resources */,
				8F8CC179234FEE8B009D629C /* DarkMode.png in Resources */,
				8F2E71FE2350DAEE00D89A71 /* AfterZoom.png in Resources */,
				EF5B5F182386589F00BA2E2B /* BeforeIncreaseContrast.png in Resources */,
				8F2E71EF2350286E00D89A71 /* BeforeDarkMode.png in Resources */,
				EFABA6232352804E00229064 /* BeforeReduceTransparency.png in Resources */,
				8FEF7E342350231B0094A22A /* AfterButtonShape.png in Resources */,
				EF977AF6238842E6001542DB /* digitalAccess.png in Resources */,
				EF5B5F092386535600BA2E2B /* AfterVoiceOver.png in Resources */,
				8F8CC177234FEE8B009D629C /* AfterReduceTransparencyDock.png in Resources */,
				EF5B5F1A2386589F00BA2E2B /* BeforeOnOff.png in Resources */,
				EFABA6152350D0EE00229064 /* BeforeReduceTransparencyDock.png in Resources */,
				8F2E71EB2350286E00D89A71 /* AfterDarkMode.png in Resources */,
				EF5B5F192386589F00BA2E2B /* BeforeAssistiveTouch.png in Resources */,
				EF0CA165237BDF6300BF2D9E /* down-chevron.png in Resources */,
				EFABA61C2352620F00229064 /* MagnifierLogo.png in Resources */,
				EFABA6252352806200229064 /* AfterReduceTransparency.png in Resources */,
			);
			runOnlyForDeploymentPostprocessing = 0;
		};
		EF10A093233E4F9F004407B5 /* Resources */ = {
			isa = PBXResourcesBuildPhase;
			buildActionMask = 2147483647;
			files = (
				EF977AFE238848C1001542DB /* slow-motion.png in Resources */,
				EF977AF7238842E6001542DB /* digitalAccess.png in Resources */,
			);
			runOnlyForDeploymentPostprocessing = 0;
		};
		EF10A09E233E4F9F004407B5 /* Resources */ = {
			isa = PBXResourcesBuildPhase;
			buildActionMask = 2147483647;
			files = (
				EF977AFF238848C1001542DB /* slow-motion.png in Resources */,
				EF977AF8238842E6001542DB /* digitalAccess.png in Resources */,
			);
			runOnlyForDeploymentPostprocessing = 0;
		};
/* End PBXResourcesBuildPhase section */

/* Begin PBXSourcesBuildPhase section */
		EF10A07B233E4F9D004407B5 /* Sources */ = {
			isa = PBXSourcesBuildPhase;
			buildActionMask = 2147483647;
			files = (
				EF84A6AA2381D16C00FC6CA5 /* SettingsStepsView.swift in Sources */,
				E2D2A8FE234E439100E2404B /* TestView.swift in Sources */,
				EF416D52234BA67900DC30A9 /* GuideVC.swift in Sources */,
				EF10A083233E4F9D004407B5 /* AppDelegate.swift in Sources */,
				E29BC91D235D287B00803278 /* ColorBlindTestView.swift in Sources */,
				E29BC921236F781E00803278 /* MobilityTestView.swift in Sources */,
				811F93AE234E697400D6375E /* Test.swift in Sources */,
				EF5A8911234DC3A6003DB430 /* GuideList.swift in Sources */,
				81416711234E6E58008C74E0 /* TestRow.swift in Sources */,
				EF5A8903234DBBC9003DB430 /* GuideRow.swift in Sources */,
				811479B8234E72CF00502363 /* ColorBlindTest.swift in Sources */,
				EF416D54234D3AC000DC30A9 /* GuideTableViewCell.swift in Sources */,
				E29BC91F235D397F00803278 /* Mobility.swift in Sources */,
				EFC504D7238451470073EC3D /* UsageGuideView.swift in Sources */,
				8F8CC16E234FEA79009D629C /* SearchBar.swift in Sources */,
				EF5A8908234DBD9B003DB430 /* Guide.swift in Sources */,
				EF10A085233E4F9D004407B5 /* SceneDelegate.swift in Sources */,
				EF7253A323413CFC00FEBF0F /* LandingPageView.swift in Sources */,
				EF5A8909234DBD9B003DB430 /* Data.swift in Sources */,
				E2C43DB02350D6F400F61715 /* ResultView.swift in Sources */,
				EF5A8913234DCE32003DB430 /* TemplateGuideView.swift in Sources */,
				E2D2A900234E43DA00E2404B /* TestList.swift in Sources */,
				EF0CA163237BD5F000BF2D9E /* DropDown.swift in Sources */,
				EF10A087233E4F9D004407B5 /* ContentView.swift in Sources */,
			);
			runOnlyForDeploymentPostprocessing = 0;
		};
		EF10A091233E4F9F004407B5 /* Sources */ = {
			isa = PBXSourcesBuildPhase;
			buildActionMask = 2147483647;
			files = (
				EF10A09A233E4F9F004407B5 /* AccesRecsTests.swift in Sources */,
			);
			runOnlyForDeploymentPostprocessing = 0;
		};
		EF10A09C233E4F9F004407B5 /* Sources */ = {
			isa = PBXSourcesBuildPhase;
			buildActionMask = 2147483647;
			files = (
				EF10A0A5233E4F9F004407B5 /* AccesRecsUITests.swift in Sources */,
			);
			runOnlyForDeploymentPostprocessing = 0;
		};
/* End PBXSourcesBuildPhase section */

/* Begin PBXTargetDependency section */
		EF10A097233E4F9F004407B5 /* PBXTargetDependency */ = {
			isa = PBXTargetDependency;
			target = EF10A07E233E4F9D004407B5 /* AccesRecs */;
			targetProxy = EF10A096233E4F9F004407B5 /* PBXContainerItemProxy */;
		};
		EF10A0A2233E4F9F004407B5 /* PBXTargetDependency */ = {
			isa = PBXTargetDependency;
			target = EF10A07E233E4F9D004407B5 /* AccesRecs */;
			targetProxy = EF10A0A1233E4F9F004407B5 /* PBXContainerItemProxy */;
		};
/* End PBXTargetDependency section */

/* Begin XCBuildConfiguration section */
		EF10A0A7233E4F9F004407B5 /* Debug */ = {
			isa = XCBuildConfiguration;
			buildSettings = {
				ALWAYS_SEARCH_USER_PATHS = NO;
				CLANG_ANALYZER_NONNULL = YES;
				CLANG_ANALYZER_NUMBER_OBJECT_CONVERSION = YES_AGGRESSIVE;
				CLANG_CXX_LANGUAGE_STANDARD = "gnu++14";
				CLANG_CXX_LIBRARY = "libc++";
				CLANG_ENABLE_MODULES = YES;
				CLANG_ENABLE_OBJC_ARC = YES;
				CLANG_ENABLE_OBJC_WEAK = YES;
				CLANG_WARN_BLOCK_CAPTURE_AUTORELEASING = YES;
				CLANG_WARN_BOOL_CONVERSION = YES;
				CLANG_WARN_COMMA = YES;
				CLANG_WARN_CONSTANT_CONVERSION = YES;
				CLANG_WARN_DEPRECATED_OBJC_IMPLEMENTATIONS = YES;
				CLANG_WARN_DIRECT_OBJC_ISA_USAGE = YES_ERROR;
				CLANG_WARN_DOCUMENTATION_COMMENTS = YES;
				CLANG_WARN_EMPTY_BODY = YES;
				CLANG_WARN_ENUM_CONVERSION = YES;
				CLANG_WARN_INFINITE_RECURSION = YES;
				CLANG_WARN_INT_CONVERSION = YES;
				CLANG_WARN_NON_LITERAL_NULL_CONVERSION = YES;
				CLANG_WARN_OBJC_IMPLICIT_RETAIN_SELF = YES;
				CLANG_WARN_OBJC_LITERAL_CONVERSION = YES;
				CLANG_WARN_OBJC_ROOT_CLASS = YES_ERROR;
				CLANG_WARN_RANGE_LOOP_ANALYSIS = YES;
				CLANG_WARN_STRICT_PROTOTYPES = YES;
				CLANG_WARN_SUSPICIOUS_MOVE = YES;
				CLANG_WARN_UNGUARDED_AVAILABILITY = YES_AGGRESSIVE;
				CLANG_WARN_UNREACHABLE_CODE = YES;
				CLANG_WARN__DUPLICATE_METHOD_MATCH = YES;
				COPY_PHASE_STRIP = NO;
				DEBUG_INFORMATION_FORMAT = dwarf;
				ENABLE_STRICT_OBJC_MSGSEND = YES;
				ENABLE_TESTABILITY = YES;
				GCC_C_LANGUAGE_STANDARD = gnu11;
				GCC_DYNAMIC_NO_PIC = NO;
				GCC_NO_COMMON_BLOCKS = YES;
				GCC_OPTIMIZATION_LEVEL = 0;
				GCC_PREPROCESSOR_DEFINITIONS = (
					"DEBUG=1",
					"$(inherited)",
				);
				GCC_WARN_64_TO_32_BIT_CONVERSION = YES;
				GCC_WARN_ABOUT_RETURN_TYPE = YES_ERROR;
				GCC_WARN_UNDECLARED_SELECTOR = YES;
				GCC_WARN_UNINITIALIZED_AUTOS = YES_AGGRESSIVE;
				GCC_WARN_UNUSED_FUNCTION = YES;
				GCC_WARN_UNUSED_VARIABLE = YES;
				IPHONEOS_DEPLOYMENT_TARGET = 13.0;
				MTL_ENABLE_DEBUG_INFO = INCLUDE_SOURCE;
				MTL_FAST_MATH = YES;
				ONLY_ACTIVE_ARCH = YES;
				SDKROOT = iphoneos;
				SWIFT_ACTIVE_COMPILATION_CONDITIONS = DEBUG;
				SWIFT_OPTIMIZATION_LEVEL = "-Onone";
			};
			name = Debug;
		};
		EF10A0A8233E4F9F004407B5 /* Release */ = {
			isa = XCBuildConfiguration;
			buildSettings = {
				ALWAYS_SEARCH_USER_PATHS = NO;
				CLANG_ANALYZER_NONNULL = YES;
				CLANG_ANALYZER_NUMBER_OBJECT_CONVERSION = YES_AGGRESSIVE;
				CLANG_CXX_LANGUAGE_STANDARD = "gnu++14";
				CLANG_CXX_LIBRARY = "libc++";
				CLANG_ENABLE_MODULES = YES;
				CLANG_ENABLE_OBJC_ARC = YES;
				CLANG_ENABLE_OBJC_WEAK = YES;
				CLANG_WARN_BLOCK_CAPTURE_AUTORELEASING = YES;
				CLANG_WARN_BOOL_CONVERSION = YES;
				CLANG_WARN_COMMA = YES;
				CLANG_WARN_CONSTANT_CONVERSION = YES;
				CLANG_WARN_DEPRECATED_OBJC_IMPLEMENTATIONS = YES;
				CLANG_WARN_DIRECT_OBJC_ISA_USAGE = YES_ERROR;
				CLANG_WARN_DOCUMENTATION_COMMENTS = YES;
				CLANG_WARN_EMPTY_BODY = YES;
				CLANG_WARN_ENUM_CONVERSION = YES;
				CLANG_WARN_INFINITE_RECURSION = YES;
				CLANG_WARN_INT_CONVERSION = YES;
				CLANG_WARN_NON_LITERAL_NULL_CONVERSION = YES;
				CLANG_WARN_OBJC_IMPLICIT_RETAIN_SELF = YES;
				CLANG_WARN_OBJC_LITERAL_CONVERSION = YES;
				CLANG_WARN_OBJC_ROOT_CLASS = YES_ERROR;
				CLANG_WARN_RANGE_LOOP_ANALYSIS = YES;
				CLANG_WARN_STRICT_PROTOTYPES = YES;
				CLANG_WARN_SUSPICIOUS_MOVE = YES;
				CLANG_WARN_UNGUARDED_AVAILABILITY = YES_AGGRESSIVE;
				CLANG_WARN_UNREACHABLE_CODE = YES;
				CLANG_WARN__DUPLICATE_METHOD_MATCH = YES;
				COPY_PHASE_STRIP = NO;
				DEBUG_INFORMATION_FORMAT = "dwarf-with-dsym";
				ENABLE_NS_ASSERTIONS = NO;
				ENABLE_STRICT_OBJC_MSGSEND = YES;
				GCC_C_LANGUAGE_STANDARD = gnu11;
				GCC_NO_COMMON_BLOCKS = YES;
				GCC_WARN_64_TO_32_BIT_CONVERSION = YES;
				GCC_WARN_ABOUT_RETURN_TYPE = YES_ERROR;
				GCC_WARN_UNDECLARED_SELECTOR = YES;
				GCC_WARN_UNINITIALIZED_AUTOS = YES_AGGRESSIVE;
				GCC_WARN_UNUSED_FUNCTION = YES;
				GCC_WARN_UNUSED_VARIABLE = YES;
				IPHONEOS_DEPLOYMENT_TARGET = 13.0;
				MTL_ENABLE_DEBUG_INFO = NO;
				MTL_FAST_MATH = YES;
				SDKROOT = iphoneos;
				SWIFT_COMPILATION_MODE = wholemodule;
				SWIFT_OPTIMIZATION_LEVEL = "-O";
				VALIDATE_PRODUCT = YES;
			};
			name = Release;
		};
		EF10A0AA233E4F9F004407B5 /* Debug */ = {
			isa = XCBuildConfiguration;
			buildSettings = {
				ASSETCATALOG_COMPILER_APPICON_NAME = AppIcon;
				CODE_SIGN_STYLE = Automatic;
				DEVELOPMENT_ASSET_PATHS = "\"AccesRecs/Preview Content\"";
				DEVELOPMENT_TEAM = ZDA76L56DD;
				ENABLE_PREVIEWS = YES;
				INFOPLIST_FILE = AccesRecs/Info.plist;
				LD_RUNPATH_SEARCH_PATHS = (
					"$(inherited)",
					"@executable_path/Frameworks",
				);
				PRODUCT_BUNDLE_IDENTIFIER = EECS495.AccesRecs;
				PRODUCT_NAME = "$(TARGET_NAME)";
				SWIFT_VERSION = 5.0;
				TARGETED_DEVICE_FAMILY = "1,2";
			};
			name = Debug;
		};
		EF10A0AB233E4F9F004407B5 /* Release */ = {
			isa = XCBuildConfiguration;
			buildSettings = {
				ASSETCATALOG_COMPILER_APPICON_NAME = AppIcon;
				CODE_SIGN_STYLE = Automatic;
				DEVELOPMENT_ASSET_PATHS = "\"AccesRecs/Preview Content\"";
				DEVELOPMENT_TEAM = ZDA76L56DD;
				ENABLE_PREVIEWS = YES;
				INFOPLIST_FILE = AccesRecs/Info.plist;
				LD_RUNPATH_SEARCH_PATHS = (
					"$(inherited)",
					"@executable_path/Frameworks",
				);
				PRODUCT_BUNDLE_IDENTIFIER = EECS495.AccesRecs;
				PRODUCT_NAME = "$(TARGET_NAME)";
				SWIFT_VERSION = 5.0;
				TARGETED_DEVICE_FAMILY = "1,2";
			};
			name = Release;
		};
		EF10A0AD233E4F9F004407B5 /* Debug */ = {
			isa = XCBuildConfiguration;
			buildSettings = {
				ALWAYS_EMBED_SWIFT_STANDARD_LIBRARIES = YES;
				BUNDLE_LOADER = "$(TEST_HOST)";
				CODE_SIGN_STYLE = Automatic;
				INFOPLIST_FILE = AccesRecsTests/Info.plist;
				IPHONEOS_DEPLOYMENT_TARGET = 13.0;
				LD_RUNPATH_SEARCH_PATHS = (
					"$(inherited)",
					"@executable_path/Frameworks",
					"@loader_path/Frameworks",
				);
				PRODUCT_BUNDLE_IDENTIFIER = EECS495.AccesRecsTests;
				PRODUCT_NAME = "$(TARGET_NAME)";
				SWIFT_VERSION = 5.0;
				TARGETED_DEVICE_FAMILY = "1,2";
				TEST_HOST = "$(BUILT_PRODUCTS_DIR)/AccesRecs.app/AccesRecs";
			};
			name = Debug;
		};
		EF10A0AE233E4F9F004407B5 /* Release */ = {
			isa = XCBuildConfiguration;
			buildSettings = {
				ALWAYS_EMBED_SWIFT_STANDARD_LIBRARIES = YES;
				BUNDLE_LOADER = "$(TEST_HOST)";
				CODE_SIGN_STYLE = Automatic;
				INFOPLIST_FILE = AccesRecsTests/Info.plist;
				IPHONEOS_DEPLOYMENT_TARGET = 13.0;
				LD_RUNPATH_SEARCH_PATHS = (
					"$(inherited)",
					"@executable_path/Frameworks",
					"@loader_path/Frameworks",
				);
				PRODUCT_BUNDLE_IDENTIFIER = EECS495.AccesRecsTests;
				PRODUCT_NAME = "$(TARGET_NAME)";
				SWIFT_VERSION = 5.0;
				TARGETED_DEVICE_FAMILY = "1,2";
				TEST_HOST = "$(BUILT_PRODUCTS_DIR)/AccesRecs.app/AccesRecs";
			};
			name = Release;
		};
		EF10A0B0233E4F9F004407B5 /* Debug */ = {
			isa = XCBuildConfiguration;
			buildSettings = {
				ALWAYS_EMBED_SWIFT_STANDARD_LIBRARIES = YES;
				CODE_SIGN_STYLE = Automatic;
				INFOPLIST_FILE = AccesRecsUITests/Info.plist;
				LD_RUNPATH_SEARCH_PATHS = (
					"$(inherited)",
					"@executable_path/Frameworks",
					"@loader_path/Frameworks",
				);
				PRODUCT_BUNDLE_IDENTIFIER = EECS495.AccesRecsUITests;
				PRODUCT_NAME = "$(TARGET_NAME)";
				SWIFT_VERSION = 5.0;
				TARGETED_DEVICE_FAMILY = "1,2";
				TEST_TARGET_NAME = AccesRecs;
			};
			name = Debug;
		};
		EF10A0B1233E4F9F004407B5 /* Release */ = {
			isa = XCBuildConfiguration;
			buildSettings = {
				ALWAYS_EMBED_SWIFT_STANDARD_LIBRARIES = YES;
				CODE_SIGN_STYLE = Automatic;
				INFOPLIST_FILE = AccesRecsUITests/Info.plist;
				LD_RUNPATH_SEARCH_PATHS = (
					"$(inherited)",
					"@executable_path/Frameworks",
					"@loader_path/Frameworks",
				);
				PRODUCT_BUNDLE_IDENTIFIER = EECS495.AccesRecsUITests;
				PRODUCT_NAME = "$(TARGET_NAME)";
				SWIFT_VERSION = 5.0;
				TARGETED_DEVICE_FAMILY = "1,2";
				TEST_TARGET_NAME = AccesRecs;
			};
			name = Release;
		};
/* End XCBuildConfiguration section */

/* Begin XCConfigurationList section */
		EF10A07A233E4F9D004407B5 /* Build configuration list for PBXProject "AccesRecs" */ = {
			isa = XCConfigurationList;
			buildConfigurations = (
				EF10A0A7233E4F9F004407B5 /* Debug */,
				EF10A0A8233E4F9F004407B5 /* Release */,
			);
			defaultConfigurationIsVisible = 0;
			defaultConfigurationName = Release;
		};
		EF10A0A9233E4F9F004407B5 /* Build configuration list for PBXNativeTarget "AccesRecs" */ = {
			isa = XCConfigurationList;
			buildConfigurations = (
				EF10A0AA233E4F9F004407B5 /* Debug */,
				EF10A0AB233E4F9F004407B5 /* Release */,
			);
			defaultConfigurationIsVisible = 0;
			defaultConfigurationName = Release;
		};
		EF10A0AC233E4F9F004407B5 /* Build configuration list for PBXNativeTarget "AccesRecsTests" */ = {
			isa = XCConfigurationList;
			buildConfigurations = (
				EF10A0AD233E4F9F004407B5 /* Debug */,
				EF10A0AE233E4F9F004407B5 /* Release */,
			);
			defaultConfigurationIsVisible = 0;
			defaultConfigurationName = Release;
		};
		EF10A0AF233E4F9F004407B5 /* Build configuration list for PBXNativeTarget "AccesRecsUITests" */ = {
			isa = XCConfigurationList;
			buildConfigurations = (
				EF10A0B0233E4F9F004407B5 /* Debug */,
				EF10A0B1233E4F9F004407B5 /* Release */,
			);
			defaultConfigurationIsVisible = 0;
			defaultConfigurationName = Release;
		};
/* End XCConfigurationList section */
	};
	rootObject = EF10A077233E4F9D004407B5 /* Project object */;
}
