// !$*UTF8*$!
{
	archiveVersion = 1;
	classes = {
	};
	objectVersion = 51;
	objects = {

/* Begin PBXBuildFile section */
		2EB4D1C5092B6EE72A09C32F /* Pods_AccesRecsTests.framework in Frameworks */ = {isa = PBXBuildFile; fileRef = E04B29E3C40A3BF6C05751AA /* Pods_AccesRecsTests.framework */; };
		3AB4803BA83B4C91586ED63B /* Pods_AccesRecs_AccesRecsUITests.framework in Frameworks */ = {isa = PBXBuildFile; fileRef = DA75A448DD1EF8C6B8930912 /* Pods_AccesRecs_AccesRecsUITests.framework */; };
		8104C08923825A6E00D3DA73 /* MobilityDrawingTestView.swift in Sources */ = {isa = PBXBuildFile; fileRef = 8104C08823825A6E00D3DA73 /* MobilityDrawingTestView.swift */; };
		8104C08B23825DE300D3DA73 /* Pencil.swift in Sources */ = {isa = PBXBuildFile; fileRef = 8104C08A23825DE300D3DA73 /* Pencil.swift */; };
		8104C08D23825F8A00D3DA73 /* MobilityTestData.json in Resources */ = {isa = PBXBuildFile; fileRef = 8104C08C23825F8A00D3DA73 /* MobilityTestData.json */; };
		811479B8234E72CF00502363 /* ColorBlindTest.swift in Sources */ = {isa = PBXBuildFile; fileRef = 811479B7234E72CF00502363 /* ColorBlindTest.swift */; };
		811F93AE234E697400D6375E /* Test.swift in Sources */ = {isa = PBXBuildFile; fileRef = 811F93AD234E697400D6375E /* Test.swift */; };
		81416711234E6E58008C74E0 /* TestRow.swift in Sources */ = {isa = PBXBuildFile; fileRef = 81416710234E6E58008C74E0 /* TestRow.swift */; };
		81416712234E709D008C74E0 /* VisionTestData.json in Resources */ = {isa = PBXBuildFile; fileRef = E2D2A901234E492B00E2404B /* VisionTestData.json */; };
		8165DA012357591D0063A747 /* ResultData.json in Resources */ = {isa = PBXBuildFile; fileRef = 8165DA002357591C0063A747 /* ResultData.json */; };
		8AA389491D7E74FFDAC6219D /* Pods_AccesRecs.framework in Frameworks */ = {isa = PBXBuildFile; fileRef = 4F707ED87081753CF438F3D8 /* Pods_AccesRecs.framework */; };
		8F91680C238B137300964917 /* Vision Tests in Resources */ = {isa = PBXBuildFile; fileRef = 8F9167EE238B137100964917 /* Vision Tests */; };
		8F916815238B137300964917 /* GridTestView.swift in Sources */ = {isa = PBXBuildFile; fileRef = 8F9167F7238B137100964917 /* GridTestView.swift */; };
		8F916817238B137300964917 /* FingerTestView.swift in Sources */ = {isa = PBXBuildFile; fileRef = 8F9167F9238B137200964917 /* FingerTestView.swift */; };
		8F916818238B137300964917 /* AstigmatismTestView.swift in Sources */ = {isa = PBXBuildFile; fileRef = 8F9167FA238B137200964917 /* AstigmatismTestView.swift */; };
		8F91681A238B137300964917 /* testImages in Resources */ = {isa = PBXBuildFile; fileRef = 8F9167FC238B137200964917 /* testImages */; };
		8F916823238B137300964917 /* LargeTextTestView.swift in Sources */ = {isa = PBXBuildFile; fileRef = 8F916805238B137300964917 /* LargeTextTestView.swift */; };
		8F916824238B137300964917 /* Preview Content in Resources */ = {isa = PBXBuildFile; fileRef = 8F916806238B137300964917 /* Preview Content */; };
		8FBD1C85238B169D00F95AC0 /* GuideData.json in Resources */ = {isa = PBXBuildFile; fileRef = 8FBD1C83238B169D00F95AC0 /* GuideData.json */; };
		8FBD1C86238B169D00F95AC0 /* GuideData2.json in Resources */ = {isa = PBXBuildFile; fileRef = 8FBD1C84238B169D00F95AC0 /* GuideData2.json */; };
		8FBD1C89238B16EB00F95AC0 /* digitalAccess.png in Resources */ = {isa = PBXBuildFile; fileRef = 8FBD1C88238B16EB00F95AC0 /* digitalAccess.png */; };
		8FBD1C8D238B170500F95AC0 /* home_icon.png in Resources */ = {isa = PBXBuildFile; fileRef = 8FBD1C8A238B170400F95AC0 /* home_icon.png */; };
		8FBD1C8E238B170500F95AC0 /* eye.png in Resources */ = {isa = PBXBuildFile; fileRef = 8FBD1C8B238B170500F95AC0 /* eye.png */; };
		8FBD1C8F238B170500F95AC0 /* slow-motion.png in Resources */ = {isa = PBXBuildFile; fileRef = 8FBD1C8C238B170500F95AC0 /* slow-motion.png */; };
		8FBD1CA4238B172500F95AC0 /* UndoShake.png in Resources */ = {isa = PBXBuildFile; fileRef = 8FBD1C91238B171F00F95AC0 /* UndoShake.png */; };
		8FBD1CA5238B172500F95AC0 /* AfterCallRout.png in Resources */ = {isa = PBXBuildFile; fileRef = 8FBD1C92238B171F00F95AC0 /* AfterCallRout.png */; };
		8FBD1CA6238B172500F95AC0 /* AfterAssistiveTouch.png in Resources */ = {isa = PBXBuildFile; fileRef = 8FBD1C93238B172000F95AC0 /* AfterAssistiveTouch.png */; };
		8FBD1CA7238B172500F95AC0 /* TouchAcomm.png in Resources */ = {isa = PBXBuildFile; fileRef = 8FBD1C94238B172000F95AC0 /* TouchAcomm.png */; };
		8FBD1CA8238B172500F95AC0 /* BeforeCallRout.png in Resources */ = {isa = PBXBuildFile; fileRef = 8FBD1C95238B172100F95AC0 /* BeforeCallRout.png */; };
		8FBD1CA9238B172500F95AC0 /* BeforeAssistiveTouch.png in Resources */ = {isa = PBXBuildFile; fileRef = 8FBD1C96238B172100F95AC0 /* BeforeAssistiveTouch.png */; };
		8FBD1CAA238B172500F95AC0 /* AfterVibration.png in Resources */ = {isa = PBXBuildFile; fileRef = 8FBD1C97238B172100F95AC0 /* AfterVibration.png */; };
		8FBD1CAB238B172500F95AC0 /* MotionLogo.png in Resources */ = {isa = PBXBuildFile; fileRef = 8FBD1C98238B172200F95AC0 /* MotionLogo.png */; };
		8FBD1CAC238B172500F95AC0 /* SwitchControl.png in Resources */ = {isa = PBXBuildFile; fileRef = 8FBD1C99238B172200F95AC0 /* SwitchControl.png */; };
		8FBD1CAD238B172500F95AC0 /* TouchAccomBefore.png in Resources */ = {isa = PBXBuildFile; fileRef = 8FBD1C9A238B172200F95AC0 /* TouchAccomBefore.png */; };
		8FBD1CAE238B172500F95AC0 /* CallAudioRout.png in Resources */ = {isa = PBXBuildFile; fileRef = 8FBD1C9B238B172300F95AC0 /* CallAudioRout.png */; };
		8FBD1CAF238B172500F95AC0 /* BeforeSwitch.png in Resources */ = {isa = PBXBuildFile; fileRef = 8FBD1C9C238B172300F95AC0 /* BeforeSwitch.png */; };
		8FBD1CB0238B172500F95AC0 /* AfterSwitch.png in Resources */ = {isa = PBXBuildFile; fileRef = 8FBD1C9D238B172300F95AC0 /* AfterSwitch.png */; };
		8FBD1CB1238B172500F95AC0 /* TouchAccomAfter.png in Resources */ = {isa = PBXBuildFile; fileRef = 8FBD1C9E238B172400F95AC0 /* TouchAccomAfter.png */; };
		8FBD1CB2238B172500F95AC0 /* Vibration.png in Resources */ = {isa = PBXBuildFile; fileRef = 8FBD1C9F238B172400F95AC0 /* Vibration.png */; };
		8FBD1CB3238B172500F95AC0 /* BeforeVibration.png in Resources */ = {isa = PBXBuildFile; fileRef = 8FBD1CA0238B172400F95AC0 /* BeforeVibration.png */; };
		8FBD1CB4238B172500F95AC0 /* AfterShakeUndo.png in Resources */ = {isa = PBXBuildFile; fileRef = 8FBD1CA1238B172500F95AC0 /* AfterShakeUndo.png */; };
		8FBD1CB5238B172500F95AC0 /* AutoPlayMessage.png in Resources */ = {isa = PBXBuildFile; fileRef = 8FBD1CA2238B172500F95AC0 /* AutoPlayMessage.png */; };
		8FBD1CB6238B172600F95AC0 /* BeforeShakeUndo.png in Resources */ = {isa = PBXBuildFile; fileRef = 8FBD1CA3238B172500F95AC0 /* BeforeShakeUndo.png */; };
		8FBD1CC1238B174100F95AC0 /* ContentView.swift in Sources */ = {isa = PBXBuildFile; fileRef = 8FBD1CB8238B173E00F95AC0 /* ContentView.swift */; };
		8FBD1CC2238B174100F95AC0 /* UsageGuideView.swift in Sources */ = {isa = PBXBuildFile; fileRef = 8FBD1CB9238B173E00F95AC0 /* UsageGuideView.swift */; };
		8FBD1CC3238B174100F95AC0 /* SearchBar.swift in Sources */ = {isa = PBXBuildFile; fileRef = 8FBD1CBA238B173F00F95AC0 /* SearchBar.swift */; };
		8FBD1CC4238B174100F95AC0 /* GuideList.swift in Sources */ = {isa = PBXBuildFile; fileRef = 8FBD1CBB238B173F00F95AC0 /* GuideList.swift */; };
		8FBD1CC5238B174100F95AC0 /* GuideRow.swift in Sources */ = {isa = PBXBuildFile; fileRef = 8FBD1CBC238B173F00F95AC0 /* GuideRow.swift */; };
		8FBD1CC6238B174100F95AC0 /* DropDown.swift in Sources */ = {isa = PBXBuildFile; fileRef = 8FBD1CBD238B174000F95AC0 /* DropDown.swift */; };
		8FBD1CC7238B174100F95AC0 /* Guide.swift in Sources */ = {isa = PBXBuildFile; fileRef = 8FBD1CBE238B174000F95AC0 /* Guide.swift */; };
		8FBD1CC8238B174100F95AC0 /* SettingsStepsView.swift in Sources */ = {isa = PBXBuildFile; fileRef = 8FBD1CBF238B174000F95AC0 /* SettingsStepsView.swift */; };
		8FBD1CC9238B174100F95AC0 /* TemplateGuideView.swift in Sources */ = {isa = PBXBuildFile; fileRef = 8FBD1CC0238B174100F95AC0 /* TemplateGuideView.swift */; };
		8FBD1CF7238B176C00F95AC0 /* BeforeMagnifier.png in Resources */ = {isa = PBXBuildFile; fileRef = 8FBD1CCB238B176100F95AC0 /* BeforeMagnifier.png */; };
		8FBD1CF8238B176C00F95AC0 /* AfterReduceTransparencyDock.png in Resources */ = {isa = PBXBuildFile; fileRef = 8FBD1CCC238B176100F95AC0 /* AfterReduceTransparencyDock.png */; };
		8FBD1CF9238B176C00F95AC0 /* AfterLargerText.png in Resources */ = {isa = PBXBuildFile; fileRef = 8FBD1CCD238B176100F95AC0 /* AfterLargerText.png */; };
		8FBD1CFA238B176C00F95AC0 /* MagnifierLogo.png in Resources */ = {isa = PBXBuildFile; fileRef = 8FBD1CCE238B176100F95AC0 /* MagnifierLogo.png */; };
		8FBD1CFB238B176C00F95AC0 /* BeforeZoom.png in Resources */ = {isa = PBXBuildFile; fileRef = 8FBD1CCF238B176200F95AC0 /* BeforeZoom.png */; };
		8FBD1CFC238B176C00F95AC0 /* GrayScale.png in Resources */ = {isa = PBXBuildFile; fileRef = 8FBD1CD0238B176200F95AC0 /* GrayScale.png */; };
		8FBD1CFD238B176C00F95AC0 /* AfterIncreaseContrast.png in Resources */ = {isa = PBXBuildFile; fileRef = 8FBD1CD1238B176200F95AC0 /* AfterIncreaseContrast.png */; };
		8FBD1CFE238B176C00F95AC0 /* OnOffLabels.png in Resources */ = {isa = PBXBuildFile; fileRef = 8FBD1CD2238B176200F95AC0 /* OnOffLabels.png */; };
		8FBD1CFF238B176C00F95AC0 /* IncreaseContrast.png in Resources */ = {isa = PBXBuildFile; fileRef = 8FBD1CD3238B176300F95AC0 /* IncreaseContrast.png */; };
		8FBD1D00238B176C00F95AC0 /* LargeTextLogo.png in Resources */ = {isa = PBXBuildFile; fileRef = 8FBD1CD4238B176300F95AC0 /* LargeTextLogo.png */; };
		8FBD1D01238B176C00F95AC0 /* BeforeGrayScale.png in Resources */ = {isa = PBXBuildFile; fileRef = 8FBD1CD5238B176300F95AC0 /* BeforeGrayScale.png */; };
		8FBD1D02238B176C00F95AC0 /* BeforeIncreaseContrast.png in Resources */ = {isa = PBXBuildFile; fileRef = 8FBD1CD6238B176300F95AC0 /* BeforeIncreaseContrast.png */; };
		8FBD1D03238B176C00F95AC0 /* SpokenContent.png in Resources */ = {isa = PBXBuildFile; fileRef = 8FBD1CD7238B176300F95AC0 /* SpokenContent.png */; };
		8FBD1D04238B176C00F95AC0 /* AfterVoiceOver.png in Resources */ = {isa = PBXBuildFile; fileRef = 8FBD1CD8238B176300F95AC0 /* AfterVoiceOver.png */; };
		8FBD1D05238B176C00F95AC0 /* BeforeReduceTransparency.png in Resources */ = {isa = PBXBuildFile; fileRef = 8FBD1CD9238B176400F95AC0 /* BeforeReduceTransparency.png */; };
		8FBD1D06238B176C00F95AC0 /* VOAudio.png in Resources */ = {isa = PBXBuildFile; fileRef = 8FBD1CDA238B176400F95AC0 /* VOAudio.png */; };
		8FBD1D07238B176C00F95AC0 /* ButtonShapeLogo.png in Resources */ = {isa = PBXBuildFile; fileRef = 8FBD1CDB238B176400F95AC0 /* ButtonShapeLogo.png */; };
		8FBD1D08238B176C00F95AC0 /* ReduceTransparencyLogo.png in Resources */ = {isa = PBXBuildFile; fileRef = 8FBD1CDC238B176500F95AC0 /* ReduceTransparencyLogo.png */; };
		8FBD1D09238B176C00F95AC0 /* AfterDarkMode.png in Resources */ = {isa = PBXBuildFile; fileRef = 8FBD1CDD238B176500F95AC0 /* AfterDarkMode.png */; };
		8FBD1D0A238B176C00F95AC0 /* BeforeLargerText.png in Resources */ = {isa = PBXBuildFile; fileRef = 8FBD1CDE238B176500F95AC0 /* BeforeLargerText.png */; };
		8FBD1D0B238B176C00F95AC0 /* ReduceMotion.png in Resources */ = {isa = PBXBuildFile; fileRef = 8FBD1CDF238B176500F95AC0 /* ReduceMotion.png */; };
		8FBD1D0C238B176C00F95AC0 /* DiffWColor.png in Resources */ = {isa = PBXBuildFile; fileRef = 8FBD1CE0238B176600F95AC0 /* DiffWColor.png */; };
		8FBD1D0D238B176C00F95AC0 /* VOCommands.png in Resources */ = {isa = PBXBuildFile; fileRef = 8FBD1CE1238B176600F95AC0 /* VOCommands.png */; };
		8FBD1D0E238B176C00F95AC0 /* ZoomLogo.png in Resources */ = {isa = PBXBuildFile; fileRef = 8FBD1CE2238B176600F95AC0 /* ZoomLogo.png */; };
		8FBD1D0F238B176C00F95AC0 /* AfterGrayScale.png in Resources */ = {isa = PBXBuildFile; fileRef = 8FBD1CE3238B176600F95AC0 /* AfterGrayScale.png */; };
		8FBD1D10238B176C00F95AC0 /* AfterReduceTransparency.png in Resources */ = {isa = PBXBuildFile; fileRef = 8FBD1CE4238B176700F95AC0 /* AfterReduceTransparency.png */; };
		8FBD1D11238B176C00F95AC0 /* AfterBoldText.png in Resources */ = {isa = PBXBuildFile; fileRef = 8FBD1CE5238B176700F95AC0 /* AfterBoldText.png */; };
		8FBD1D12238B176C00F95AC0 /* BeforeVoiceOver.png in Resources */ = {isa = PBXBuildFile; fileRef = 8FBD1CE6238B176700F95AC0 /* BeforeVoiceOver.png */; };
		8FBD1D13238B176C00F95AC0 /* BeforeOnOff.png in Resources */ = {isa = PBXBuildFile; fileRef = 8FBD1CE7238B176700F95AC0 /* BeforeOnOff.png */; };
		8FBD1D14238B176C00F95AC0 /* BeforeBoldText.png in Resources */ = {isa = PBXBuildFile; fileRef = 8FBD1CE8238B176800F95AC0 /* BeforeBoldText.png */; };
		8FBD1D15238B176C00F95AC0 /* DarkMode.png in Resources */ = {isa = PBXBuildFile; fileRef = 8FBD1CE9238B176800F95AC0 /* DarkMode.png */; };
		8FBD1D16238B176C00F95AC0 /* AssistiveTouch.png in Resources */ = {isa = PBXBuildFile; fileRef = 8FBD1CEA238B176800F95AC0 /* AssistiveTouch.png */; };
		8FBD1D17238B176C00F95AC0 /* AfterButtonShape.png in Resources */ = {isa = PBXBuildFile; fileRef = 8FBD1CEB238B176800F95AC0 /* AfterButtonShape.png */; };
		8FBD1D18238B176C00F95AC0 /* ClassicInvert.png in Resources */ = {isa = PBXBuildFile; fileRef = 8FBD1CEC238B176900F95AC0 /* ClassicInvert.png */; };
		8FBD1D19238B176C00F95AC0 /* PreferCrossFade.png in Resources */ = {isa = PBXBuildFile; fileRef = 8FBD1CED238B176900F95AC0 /* PreferCrossFade.png */; };
		8FBD1D1A238B176C00F95AC0 /* SmartInvert.png in Resources */ = {isa = PBXBuildFile; fileRef = 8FBD1CEE238B176900F95AC0 /* SmartInvert.png */; };
		8FBD1D1B238B176C00F95AC0 /* BeforeReduceTransparencyDock.png in Resources */ = {isa = PBXBuildFile; fileRef = 8FBD1CEF238B176A00F95AC0 /* BeforeReduceTransparencyDock.png */; };
		8FBD1D1C238B176C00F95AC0 /* AfterOnOff.png in Resources */ = {isa = PBXBuildFile; fileRef = 8FBD1CF0238B176A00F95AC0 /* AfterOnOff.png */; };
		8FBD1D1D238B176C00F95AC0 /* AfterMagnifier.png in Resources */ = {isa = PBXBuildFile; fileRef = 8FBD1CF1238B176A00F95AC0 /* AfterMagnifier.png */; };
		8FBD1D1E238B176C00F95AC0 /* BeforeButtonShape.png in Resources */ = {isa = PBXBuildFile; fileRef = 8FBD1CF2238B176A00F95AC0 /* BeforeButtonShape.png */; };
		8FBD1D1F238B176C00F95AC0 /* VoiceOver.png in Resources */ = {isa = PBXBuildFile; fileRef = 8FBD1CF3238B176B00F95AC0 /* VoiceOver.png */; };
		8FBD1D20238B176C00F95AC0 /* BeforeDarkMode.png in Resources */ = {isa = PBXBuildFile; fileRef = 8FBD1CF4238B176B00F95AC0 /* BeforeDarkMode.png */; };
		8FBD1D21238B176C00F95AC0 /* ColorFilters.png in Resources */ = {isa = PBXBuildFile; fileRef = 8FBD1CF5238B176B00F95AC0 /* ColorFilters.png */; };
		8FBD1D22238B176C00F95AC0 /* AfterZoom.png in Resources */ = {isa = PBXBuildFile; fileRef = 8FBD1CF6238B176B00F95AC0 /* AfterZoom.png */; };
		8FBD1D2C238B182700F95AC0 /* Assets.xcassets in Resources */ = {isa = PBXBuildFile; fileRef = 8FBD1D2B238B182700F95AC0 /* Assets.xcassets */; };
		E27B8770238840A500B327BB /* MobilityMazeTest.swift in Sources */ = {isa = PBXBuildFile; fileRef = E27B876F238840A500B327BB /* MobilityMazeTest.swift */; };
		E29BC91D235D287B00803278 /* ColorBlindTestView.swift in Sources */ = {isa = PBXBuildFile; fileRef = E29BC91C235D287B00803278 /* ColorBlindTestView.swift */; };
		E29BC91F235D397F00803278 /* Mobility.swift in Sources */ = {isa = PBXBuildFile; fileRef = E29BC91E235D397F00803278 /* Mobility.swift */; };
		E29BC921236F781E00803278 /* MobilityTypingTestView.swift in Sources */ = {isa = PBXBuildFile; fileRef = E29BC920236F781E00803278 /* MobilityTypingTestView.swift */; };
		E2C43DB02350D6F400F61715 /* ResultView.swift in Sources */ = {isa = PBXBuildFile; fileRef = E2C43DAF2350D6F400F61715 /* ResultView.swift */; };
		E2D2A900234E43DA00E2404B /* TestList.swift in Sources */ = {isa = PBXBuildFile; fileRef = E2D2A8FF234E43DA00E2404B /* TestList.swift */; };
		EF0F65EF238B512900D49F2F /* ReduceMotionBefore.png in Resources */ = {isa = PBXBuildFile; fileRef = EF0F65DF238B512800D49F2F /* ReduceMotionBefore.png */; };
		EF0F65F0238B512900D49F2F /* ColorFiltersAfter.png in Resources */ = {isa = PBXBuildFile; fileRef = EF0F65E0238B512800D49F2F /* ColorFiltersAfter.png */; };
		EF0F65F1238B512900D49F2F /* ColorFiltersBefore.png in Resources */ = {isa = PBXBuildFile; fileRef = EF0F65E1238B512800D49F2F /* ColorFiltersBefore.png */; };
		EF0F65F2238B512900D49F2F /* SmartInvertAfter.png in Resources */ = {isa = PBXBuildFile; fileRef = EF0F65E2238B512800D49F2F /* SmartInvertAfter.png */; };
		EF0F65F3238B512900D49F2F /* SmartInvertBefore.png in Resources */ = {isa = PBXBuildFile; fileRef = EF0F65E3238B512900D49F2F /* SmartInvertBefore.png */; };
		EF0F65F4238B512900D49F2F /* PreferCrossFadeAfter.png in Resources */ = {isa = PBXBuildFile; fileRef = EF0F65E4238B512900D49F2F /* PreferCrossFadeAfter.png */; };
		EF0F65F5238B512900D49F2F /* ClassicInvertBefore.png in Resources */ = {isa = PBXBuildFile; fileRef = EF0F65E5238B512900D49F2F /* ClassicInvertBefore.png */; };
		EF0F65F6238B512900D49F2F /* ReduceMotionAfter.png in Resources */ = {isa = PBXBuildFile; fileRef = EF0F65E6238B512900D49F2F /* ReduceMotionAfter.png */; };
		EF0F65F7238B512900D49F2F /* PreferCrossFadeBefore.png in Resources */ = {isa = PBXBuildFile; fileRef = EF0F65E7238B512900D49F2F /* PreferCrossFadeBefore.png */; };
		EF0F65F8238B512900D49F2F /* ClassicInvertAfter.png in Resources */ = {isa = PBXBuildFile; fileRef = EF0F65E8238B512900D49F2F /* ClassicInvertAfter.png */; };
		EF0F65F9238B512900D49F2F /* DiffWColorAfter.png in Resources */ = {isa = PBXBuildFile; fileRef = EF0F65E9238B512900D49F2F /* DiffWColorAfter.png */; };
		EF0F65FA238B512900D49F2F /* AutoPlayBefore.png in Resources */ = {isa = PBXBuildFile; fileRef = EF0F65EA238B512900D49F2F /* AutoPlayBefore.png */; };
		EF0F65FB238B512900D49F2F /* SpokenContentAfter.png in Resources */ = {isa = PBXBuildFile; fileRef = EF0F65EB238B512900D49F2F /* SpokenContentAfter.png */; };
		EF0F65FC238B512900D49F2F /* AutoPlayAfter.png in Resources */ = {isa = PBXBuildFile; fileRef = EF0F65EC238B512900D49F2F /* AutoPlayAfter.png */; };
		EF0F65FD238B512900D49F2F /* DiffWColorBefore.png in Resources */ = {isa = PBXBuildFile; fileRef = EF0F65ED238B512900D49F2F /* DiffWColorBefore.png */; };
		EF0F65FE238B512900D49F2F /* SpokenContentBefore.png in Resources */ = {isa = PBXBuildFile; fileRef = EF0F65EE238B512900D49F2F /* SpokenContentBefore.png */; };
		EF10A083233E4F9D004407B5 /* AppDelegate.swift in Sources */ = {isa = PBXBuildFile; fileRef = EF10A082233E4F9D004407B5 /* AppDelegate.swift */; };
		EF10A085233E4F9D004407B5 /* SceneDelegate.swift in Sources */ = {isa = PBXBuildFile; fileRef = EF10A084233E4F9D004407B5 /* SceneDelegate.swift */; };
		EF10A08C233E4F9F004407B5 /* Preview Assets.xcassets in Resources */ = {isa = PBXBuildFile; fileRef = EF10A08B233E4F9F004407B5 /* Preview Assets.xcassets */; };
		EF10A09A233E4F9F004407B5 /* AccesRecsTests.swift in Sources */ = {isa = PBXBuildFile; fileRef = EF10A099233E4F9F004407B5 /* AccesRecsTests.swift */; };
		EF10A0A5233E4F9F004407B5 /* AccesRecsUITests.swift in Sources */ = {isa = PBXBuildFile; fileRef = EF10A0A4233E4F9F004407B5 /* AccesRecsUITests.swift */; };
		EF53A19F238B03BA000F04B4 /* RecRequest.swift in Sources */ = {isa = PBXBuildFile; fileRef = EF53A19E238B03BA000F04B4 /* RecRequest.swift */; };
		EF5A8909234DBD9B003DB430 /* Data.swift in Sources */ = {isa = PBXBuildFile; fileRef = EF5A8907234DBD9B003DB430 /* Data.swift */; };
		EF7253A323413CFC00FEBF0F /* LandingPageView.swift in Sources */ = {isa = PBXBuildFile; fileRef = EF7253A223413CFC00FEBF0F /* LandingPageView.swift */; };
		EFDEC499239F505F00B7D22A /* AppleRemoteAfter.png in Resources */ = {isa = PBXBuildFile; fileRef = EFDEC48D239F505E00B7D22A /* AppleRemoteAfter.png */; };
		EFDEC49A239F505F00B7D22A /* KeyboardBefore.png in Resources */ = {isa = PBXBuildFile; fileRef = EFDEC48E239F505E00B7D22A /* KeyboardBefore.png */; };
		EFDEC49B239F505F00B7D22A /* Keyboard.png in Resources */ = {isa = PBXBuildFile; fileRef = EFDEC48F239F505E00B7D22A /* Keyboard.png */; };
		EFDEC49C239F505F00B7D22A /* VoiceControl.png in Resources */ = {isa = PBXBuildFile; fileRef = EFDEC490239F505E00B7D22A /* VoiceControl.png */; };
		EFDEC49D239F505F00B7D22A /* SideButton.png in Resources */ = {isa = PBXBuildFile; fileRef = EFDEC491239F505E00B7D22A /* SideButton.png */; };
		EFDEC49E239F505F00B7D22A /* VoiceControlAfter.png in Resources */ = {isa = PBXBuildFile; fileRef = EFDEC492239F505E00B7D22A /* VoiceControlAfter.png */; };
		EFDEC49F239F505F00B7D22A /* AppleRemoteBefore.png in Resources */ = {isa = PBXBuildFile; fileRef = EFDEC493239F505E00B7D22A /* AppleRemoteBefore.png */; };
		EFDEC4A0239F505F00B7D22A /* VoiceControlBefore.png in Resources */ = {isa = PBXBuildFile; fileRef = EFDEC494239F505E00B7D22A /* VoiceControlBefore.png */; };
		EFDEC4A1239F505F00B7D22A /* SideButtonAfter.png in Resources */ = {isa = PBXBuildFile; fileRef = EFDEC495239F505E00B7D22A /* SideButtonAfter.png */; };
		EFDEC4A2239F505F00B7D22A /* AppleRemote.png in Resources */ = {isa = PBXBuildFile; fileRef = EFDEC496239F505E00B7D22A /* AppleRemote.png */; };
		EFDEC4A3239F505F00B7D22A /* SideButtonBefore.png in Resources */ = {isa = PBXBuildFile; fileRef = EFDEC497239F505E00B7D22A /* SideButtonBefore.png */; };
		EFDEC4A4239F505F00B7D22A /* KeyboardAfter.png in Resources */ = {isa = PBXBuildFile; fileRef = EFDEC498239F505F00B7D22A /* KeyboardAfter.png */; };
		EFDEC4A623A007D400B7D22A /* VOAudioAfter.png in Resources */ = {isa = PBXBuildFile; fileRef = EFDEC4A523A007D400B7D22A /* VOAudioAfter.png */; };
/* End PBXBuildFile section */

/* Begin PBXContainerItemProxy section */
		EF10A096233E4F9F004407B5 /* PBXContainerItemProxy */ = {
			isa = PBXContainerItemProxy;
			containerPortal = EF10A077233E4F9D004407B5 /* Project object */;
			proxyType = 1;
			remoteGlobalIDString = EF10A07E233E4F9D004407B5;
			remoteInfo = AccesRecs;
		};
		EF10A0A1233E4F9F004407B5 /* PBXContainerItemProxy */ = {
			isa = PBXContainerItemProxy;
			containerPortal = EF10A077233E4F9D004407B5 /* Project object */;
			proxyType = 1;
			remoteGlobalIDString = EF10A07E233E4F9D004407B5;
			remoteInfo = AccesRecs;
		};
/* End PBXContainerItemProxy section */

/* Begin PBXFileReference section */
		2BC70FEE2196CE531EAC5045 /* Pods-AccesRecs.release.xcconfig */ = {isa = PBXFileReference; includeInIndex = 1; lastKnownFileType = text.xcconfig; name = "Pods-AccesRecs.release.xcconfig"; path = "Target Support Files/Pods-AccesRecs/Pods-AccesRecs.release.xcconfig"; sourceTree = "<group>"; };
		41A20671834DC78B6C9AE613 /* Pods-AccesRecsTests.debug.xcconfig */ = {isa = PBXFileReference; includeInIndex = 1; lastKnownFileType = text.xcconfig; name = "Pods-AccesRecsTests.debug.xcconfig"; path = "Target Support Files/Pods-AccesRecsTests/Pods-AccesRecsTests.debug.xcconfig"; sourceTree = "<group>"; };
		4D35FB84B0B2CFCA723FCFA4 /* Pods-AccesRecs-AccesRecsUITests.release.xcconfig */ = {isa = PBXFileReference; includeInIndex = 1; lastKnownFileType = text.xcconfig; name = "Pods-AccesRecs-AccesRecsUITests.release.xcconfig"; path = "Target Support Files/Pods-AccesRecs-AccesRecsUITests/Pods-AccesRecs-AccesRecsUITests.release.xcconfig"; sourceTree = "<group>"; };
		4F707ED87081753CF438F3D8 /* Pods_AccesRecs.framework */ = {isa = PBXFileReference; explicitFileType = wrapper.framework; includeInIndex = 0; path = Pods_AccesRecs.framework; sourceTree = BUILT_PRODUCTS_DIR; };
		8104C08823825A6E00D3DA73 /* MobilityDrawingTestView.swift */ = {isa = PBXFileReference; lastKnownFileType = sourcecode.swift; path = MobilityDrawingTestView.swift; sourceTree = "<group>"; };
		8104C08A23825DE300D3DA73 /* Pencil.swift */ = {isa = PBXFileReference; lastKnownFileType = sourcecode.swift; path = Pencil.swift; sourceTree = "<group>"; };
		8104C08C23825F8A00D3DA73 /* MobilityTestData.json */ = {isa = PBXFileReference; lastKnownFileType = text.json; path = MobilityTestData.json; sourceTree = "<group>"; };
		811479B7234E72CF00502363 /* ColorBlindTest.swift */ = {isa = PBXFileReference; lastKnownFileType = sourcecode.swift; path = ColorBlindTest.swift; sourceTree = "<group>"; };
		811F93AD234E697400D6375E /* Test.swift */ = {isa = PBXFileReference; lastKnownFileType = sourcecode.swift; path = Test.swift; sourceTree = "<group>"; };
		81416710234E6E58008C74E0 /* TestRow.swift */ = {isa = PBXFileReference; lastKnownFileType = sourcecode.swift; path = TestRow.swift; sourceTree = "<group>"; };
		8165DA002357591C0063A747 /* ResultData.json */ = {isa = PBXFileReference; fileEncoding = 4; lastKnownFileType = text.json; path = ResultData.json; sourceTree = "<group>"; };
		8F9167EE238B137100964917 /* Vision Tests */ = {isa = PBXFileReference; lastKnownFileType = folder; path = "Vision Tests"; sourceTree = "<group>"; };
		8F9167F7238B137100964917 /* GridTestView.swift */ = {isa = PBXFileReference; fileEncoding = 4; lastKnownFileType = sourcecode.swift; path = GridTestView.swift; sourceTree = "<group>"; };
		8F9167F9238B137200964917 /* FingerTestView.swift */ = {isa = PBXFileReference; fileEncoding = 4; lastKnownFileType = sourcecode.swift; path = FingerTestView.swift; sourceTree = "<group>"; };
		8F9167FA238B137200964917 /* AstigmatismTestView.swift */ = {isa = PBXFileReference; fileEncoding = 4; lastKnownFileType = sourcecode.swift; path = AstigmatismTestView.swift; sourceTree = "<group>"; };
		8F9167FC238B137200964917 /* testImages */ = {isa = PBXFileReference; lastKnownFileType = folder; path = testImages; sourceTree = "<group>"; };
		8F916805238B137300964917 /* LargeTextTestView.swift */ = {isa = PBXFileReference; fileEncoding = 4; lastKnownFileType = sourcecode.swift; path = LargeTextTestView.swift; sourceTree = "<group>"; };
		8F916806238B137300964917 /* Preview Content */ = {isa = PBXFileReference; lastKnownFileType = folder; name = "Preview Content"; path = "AccesRecs/Preview Content"; sourceTree = "<group>"; };
		8FBD1C83238B169D00F95AC0 /* GuideData.json */ = {isa = PBXFileReference; fileEncoding = 4; lastKnownFileType = text.json; path = GuideData.json; sourceTree = "<group>"; };
		8FBD1C84238B169D00F95AC0 /* GuideData2.json */ = {isa = PBXFileReference; fileEncoding = 4; lastKnownFileType = text.json; path = GuideData2.json; sourceTree = "<group>"; };
		8FBD1C88238B16EB00F95AC0 /* digitalAccess.png */ = {isa = PBXFileReference; lastKnownFileType = image.png; name = digitalAccess.png; path = AccesRecs/Assets.xcassets/digitalAccess.imageset/digitalAccess.png; sourceTree = SOURCE_ROOT; };
		8FBD1C8A238B170400F95AC0 /* home_icon.png */ = {isa = PBXFileReference; lastKnownFileType = image.png; path = home_icon.png; sourceTree = "<group>"; };
		8FBD1C8B238B170500F95AC0 /* eye.png */ = {isa = PBXFileReference; lastKnownFileType = image.png; path = eye.png; sourceTree = "<group>"; };
		8FBD1C8C238B170500F95AC0 /* slow-motion.png */ = {isa = PBXFileReference; lastKnownFileType = image.png; path = "slow-motion.png"; sourceTree = "<group>"; };
		8FBD1C91238B171F00F95AC0 /* UndoShake.png */ = {isa = PBXFileReference; lastKnownFileType = image.png; path = UndoShake.png; sourceTree = "<group>"; };
		8FBD1C92238B171F00F95AC0 /* AfterCallRout.png */ = {isa = PBXFileReference; lastKnownFileType = image.png; path = AfterCallRout.png; sourceTree = "<group>"; };
		8FBD1C93238B172000F95AC0 /* AfterAssistiveTouch.png */ = {isa = PBXFileReference; lastKnownFileType = image.png; path = AfterAssistiveTouch.png; sourceTree = "<group>"; };
		8FBD1C94238B172000F95AC0 /* TouchAcomm.png */ = {isa = PBXFileReference; lastKnownFileType = image.png; path = TouchAcomm.png; sourceTree = "<group>"; };
		8FBD1C95238B172100F95AC0 /* BeforeCallRout.png */ = {isa = PBXFileReference; lastKnownFileType = image.png; path = BeforeCallRout.png; sourceTree = "<group>"; };
		8FBD1C96238B172100F95AC0 /* BeforeAssistiveTouch.png */ = {isa = PBXFileReference; lastKnownFileType = image.png; path = BeforeAssistiveTouch.png; sourceTree = "<group>"; };
		8FBD1C97238B172100F95AC0 /* AfterVibration.png */ = {isa = PBXFileReference; lastKnownFileType = image.png; path = AfterVibration.png; sourceTree = "<group>"; };
		8FBD1C98238B172200F95AC0 /* MotionLogo.png */ = {isa = PBXFileReference; lastKnownFileType = image.png; path = MotionLogo.png; sourceTree = "<group>"; };
		8FBD1C99238B172200F95AC0 /* SwitchControl.png */ = {isa = PBXFileReference; lastKnownFileType = image.png; path = SwitchControl.png; sourceTree = "<group>"; };
		8FBD1C9A238B172200F95AC0 /* TouchAccomBefore.png */ = {isa = PBXFileReference; lastKnownFileType = image.png; path = TouchAccomBefore.png; sourceTree = "<group>"; };
		8FBD1C9B238B172300F95AC0 /* CallAudioRout.png */ = {isa = PBXFileReference; lastKnownFileType = image.png; path = CallAudioRout.png; sourceTree = "<group>"; };
		8FBD1C9C238B172300F95AC0 /* BeforeSwitch.png */ = {isa = PBXFileReference; lastKnownFileType = image.png; path = BeforeSwitch.png; sourceTree = "<group>"; };
		8FBD1C9D238B172300F95AC0 /* AfterSwitch.png */ = {isa = PBXFileReference; lastKnownFileType = image.png; path = AfterSwitch.png; sourceTree = "<group>"; };
		8FBD1C9E238B172400F95AC0 /* TouchAccomAfter.png */ = {isa = PBXFileReference; lastKnownFileType = image.png; path = TouchAccomAfter.png; sourceTree = "<group>"; };
		8FBD1C9F238B172400F95AC0 /* Vibration.png */ = {isa = PBXFileReference; lastKnownFileType = image.png; path = Vibration.png; sourceTree = "<group>"; };
		8FBD1CA0238B172400F95AC0 /* BeforeVibration.png */ = {isa = PBXFileReference; lastKnownFileType = image.png; path = BeforeVibration.png; sourceTree = "<group>"; };
		8FBD1CA1238B172500F95AC0 /* AfterShakeUndo.png */ = {isa = PBXFileReference; lastKnownFileType = image.png; path = AfterShakeUndo.png; sourceTree = "<group>"; };
		8FBD1CA2238B172500F95AC0 /* AutoPlayMessage.png */ = {isa = PBXFileReference; lastKnownFileType = image.png; path = AutoPlayMessage.png; sourceTree = "<group>"; };
		8FBD1CA3238B172500F95AC0 /* BeforeShakeUndo.png */ = {isa = PBXFileReference; lastKnownFileType = image.png; path = BeforeShakeUndo.png; sourceTree = "<group>"; };
		8FBD1CB8238B173E00F95AC0 /* ContentView.swift */ = {isa = PBXFileReference; fileEncoding = 4; lastKnownFileType = sourcecode.swift; path = ContentView.swift; sourceTree = "<group>"; };
		8FBD1CB9238B173E00F95AC0 /* UsageGuideView.swift */ = {isa = PBXFileReference; fileEncoding = 4; lastKnownFileType = sourcecode.swift; path = UsageGuideView.swift; sourceTree = "<group>"; };
		8FBD1CBA238B173F00F95AC0 /* SearchBar.swift */ = {isa = PBXFileReference; fileEncoding = 4; lastKnownFileType = sourcecode.swift; path = SearchBar.swift; sourceTree = "<group>"; };
		8FBD1CBB238B173F00F95AC0 /* GuideList.swift */ = {isa = PBXFileReference; fileEncoding = 4; lastKnownFileType = sourcecode.swift; path = GuideList.swift; sourceTree = "<group>"; };
		8FBD1CBC238B173F00F95AC0 /* GuideRow.swift */ = {isa = PBXFileReference; fileEncoding = 4; lastKnownFileType = sourcecode.swift; path = GuideRow.swift; sourceTree = "<group>"; };
		8FBD1CBD238B174000F95AC0 /* DropDown.swift */ = {isa = PBXFileReference; fileEncoding = 4; lastKnownFileType = sourcecode.swift; path = DropDown.swift; sourceTree = "<group>"; };
		8FBD1CBE238B174000F95AC0 /* Guide.swift */ = {isa = PBXFileReference; fileEncoding = 4; lastKnownFileType = sourcecode.swift; path = Guide.swift; sourceTree = "<group>"; };
		8FBD1CBF238B174000F95AC0 /* SettingsStepsView.swift */ = {isa = PBXFileReference; fileEncoding = 4; lastKnownFileType = sourcecode.swift; path = SettingsStepsView.swift; sourceTree = "<group>"; };
		8FBD1CC0238B174100F95AC0 /* TemplateGuideView.swift */ = {isa = PBXFileReference; fileEncoding = 4; lastKnownFileType = sourcecode.swift; path = TemplateGuideView.swift; sourceTree = "<group>"; };
		8FBD1CCB238B176100F95AC0 /* BeforeMagnifier.png */ = {isa = PBXFileReference; lastKnownFileType = image.png; path = BeforeMagnifier.png; sourceTree = "<group>"; };
		8FBD1CCC238B176100F95AC0 /* AfterReduceTransparencyDock.png */ = {isa = PBXFileReference; lastKnownFileType = image.png; path = AfterReduceTransparencyDock.png; sourceTree = "<group>"; };
		8FBD1CCD238B176100F95AC0 /* AfterLargerText.png */ = {isa = PBXFileReference; lastKnownFileType = image.png; path = AfterLargerText.png; sourceTree = "<group>"; };
		8FBD1CCE238B176100F95AC0 /* MagnifierLogo.png */ = {isa = PBXFileReference; lastKnownFileType = image.png; path = MagnifierLogo.png; sourceTree = "<group>"; };
		8FBD1CCF238B176200F95AC0 /* BeforeZoom.png */ = {isa = PBXFileReference; lastKnownFileType = image.png; path = BeforeZoom.png; sourceTree = "<group>"; };
		8FBD1CD0238B176200F95AC0 /* GrayScale.png */ = {isa = PBXFileReference; lastKnownFileType = image.png; path = GrayScale.png; sourceTree = "<group>"; };
		8FBD1CD1238B176200F95AC0 /* AfterIncreaseContrast.png */ = {isa = PBXFileReference; lastKnownFileType = image.png; path = AfterIncreaseContrast.png; sourceTree = "<group>"; };
		8FBD1CD2238B176200F95AC0 /* OnOffLabels.png */ = {isa = PBXFileReference; lastKnownFileType = image.png; path = OnOffLabels.png; sourceTree = "<group>"; };
		8FBD1CD3238B176300F95AC0 /* IncreaseContrast.png */ = {isa = PBXFileReference; lastKnownFileType = image.png; path = IncreaseContrast.png; sourceTree = "<group>"; };
		8FBD1CD4238B176300F95AC0 /* LargeTextLogo.png */ = {isa = PBXFileReference; lastKnownFileType = image.png; path = LargeTextLogo.png; sourceTree = "<group>"; };
		8FBD1CD5238B176300F95AC0 /* BeforeGrayScale.png */ = {isa = PBXFileReference; lastKnownFileType = image.png; path = BeforeGrayScale.png; sourceTree = "<group>"; };
		8FBD1CD6238B176300F95AC0 /* BeforeIncreaseContrast.png */ = {isa = PBXFileReference; lastKnownFileType = image.png; path = BeforeIncreaseContrast.png; sourceTree = "<group>"; };
		8FBD1CD7238B176300F95AC0 /* SpokenContent.png */ = {isa = PBXFileReference; lastKnownFileType = image.png; path = SpokenContent.png; sourceTree = "<group>"; };
		8FBD1CD8238B176300F95AC0 /* AfterVoiceOver.png */ = {isa = PBXFileReference; lastKnownFileType = image.png; path = AfterVoiceOver.png; sourceTree = "<group>"; };
		8FBD1CD9238B176400F95AC0 /* BeforeReduceTransparency.png */ = {isa = PBXFileReference; lastKnownFileType = image.png; path = BeforeReduceTransparency.png; sourceTree = "<group>"; };
		8FBD1CDA238B176400F95AC0 /* VOAudio.png */ = {isa = PBXFileReference; lastKnownFileType = image.png; path = VOAudio.png; sourceTree = "<group>"; };
		8FBD1CDB238B176400F95AC0 /* ButtonShapeLogo.png */ = {isa = PBXFileReference; lastKnownFileType = image.png; path = ButtonShapeLogo.png; sourceTree = "<group>"; };
		8FBD1CDC238B176500F95AC0 /* ReduceTransparencyLogo.png */ = {isa = PBXFileReference; lastKnownFileType = image.png; path = ReduceTransparencyLogo.png; sourceTree = "<group>"; };
		8FBD1CDD238B176500F95AC0 /* AfterDarkMode.png */ = {isa = PBXFileReference; lastKnownFileType = image.png; path = AfterDarkMode.png; sourceTree = "<group>"; };
		8FBD1CDE238B176500F95AC0 /* BeforeLargerText.png */ = {isa = PBXFileReference; lastKnownFileType = image.png; path = BeforeLargerText.png; sourceTree = "<group>"; };
		8FBD1CDF238B176500F95AC0 /* ReduceMotion.png */ = {isa = PBXFileReference; lastKnownFileType = image.png; path = ReduceMotion.png; sourceTree = "<group>"; };
		8FBD1CE0238B176600F95AC0 /* DiffWColor.png */ = {isa = PBXFileReference; lastKnownFileType = image.png; path = DiffWColor.png; sourceTree = "<group>"; };
		8FBD1CE1238B176600F95AC0 /* VOCommands.png */ = {isa = PBXFileReference; lastKnownFileType = image.png; path = VOCommands.png; sourceTree = "<group>"; };
		8FBD1CE2238B176600F95AC0 /* ZoomLogo.png */ = {isa = PBXFileReference; lastKnownFileType = image.png; path = ZoomLogo.png; sourceTree = "<group>"; };
		8FBD1CE3238B176600F95AC0 /* AfterGrayScale.png */ = {isa = PBXFileReference; lastKnownFileType = image.png; path = AfterGrayScale.png; sourceTree = "<group>"; };
		8FBD1CE4238B176700F95AC0 /* AfterReduceTransparency.png */ = {isa = PBXFileReference; lastKnownFileType = image.png; path = AfterReduceTransparency.png; sourceTree = "<group>"; };
		8FBD1CE5238B176700F95AC0 /* AfterBoldText.png */ = {isa = PBXFileReference; lastKnownFileType = image.png; path = AfterBoldText.png; sourceTree = "<group>"; };
		8FBD1CE6238B176700F95AC0 /* BeforeVoiceOver.png */ = {isa = PBXFileReference; lastKnownFileType = image.png; path = BeforeVoiceOver.png; sourceTree = "<group>"; };
		8FBD1CE7238B176700F95AC0 /* BeforeOnOff.png */ = {isa = PBXFileReference; lastKnownFileType = image.png; path = BeforeOnOff.png; sourceTree = "<group>"; };
		8FBD1CE8238B176800F95AC0 /* BeforeBoldText.png */ = {isa = PBXFileReference; lastKnownFileType = image.png; path = BeforeBoldText.png; sourceTree = "<group>"; };
		8FBD1CE9238B176800F95AC0 /* DarkMode.png */ = {isa = PBXFileReference; lastKnownFileType = image.png; path = DarkMode.png; sourceTree = "<group>"; };
		8FBD1CEA238B176800F95AC0 /* AssistiveTouch.png */ = {isa = PBXFileReference; lastKnownFileType = image.png; path = AssistiveTouch.png; sourceTree = "<group>"; };
		8FBD1CEB238B176800F95AC0 /* AfterButtonShape.png */ = {isa = PBXFileReference; lastKnownFileType = image.png; path = AfterButtonShape.png; sourceTree = "<group>"; };
		8FBD1CEC238B176900F95AC0 /* ClassicInvert.png */ = {isa = PBXFileReference; lastKnownFileType = image.png; path = ClassicInvert.png; sourceTree = "<group>"; };
		8FBD1CED238B176900F95AC0 /* PreferCrossFade.png */ = {isa = PBXFileReference; lastKnownFileType = image.png; path = PreferCrossFade.png; sourceTree = "<group>"; };
		8FBD1CEE238B176900F95AC0 /* SmartInvert.png */ = {isa = PBXFileReference; lastKnownFileType = image.png; path = SmartInvert.png; sourceTree = "<group>"; };
		8FBD1CEF238B176A00F95AC0 /* BeforeReduceTransparencyDock.png */ = {isa = PBXFileReference; lastKnownFileType = image.png; path = BeforeReduceTransparencyDock.png; sourceTree = "<group>"; };
		8FBD1CF0238B176A00F95AC0 /* AfterOnOff.png */ = {isa = PBXFileReference; lastKnownFileType = image.png; path = AfterOnOff.png; sourceTree = "<group>"; };
		8FBD1CF1238B176A00F95AC0 /* AfterMagnifier.png */ = {isa = PBXFileReference; lastKnownFileType = image.png; path = AfterMagnifier.png; sourceTree = "<group>"; };
		8FBD1CF2238B176A00F95AC0 /* BeforeButtonShape.png */ = {isa = PBXFileReference; lastKnownFileType = image.png; path = BeforeButtonShape.png; sourceTree = "<group>"; };
		8FBD1CF3238B176B00F95AC0 /* VoiceOver.png */ = {isa = PBXFileReference; lastKnownFileType = image.png; path = VoiceOver.png; sourceTree = "<group>"; };
		8FBD1CF4238B176B00F95AC0 /* BeforeDarkMode.png */ = {isa = PBXFileReference; lastKnownFileType = image.png; path = BeforeDarkMode.png; sourceTree = "<group>"; };
		8FBD1CF5238B176B00F95AC0 /* ColorFilters.png */ = {isa = PBXFileReference; lastKnownFileType = image.png; path = ColorFilters.png; sourceTree = "<group>"; };
		8FBD1CF6238B176B00F95AC0 /* AfterZoom.png */ = {isa = PBXFileReference; lastKnownFileType = image.png; path = AfterZoom.png; sourceTree = "<group>"; };
		8FBD1D24238B178B00F95AC0 /* rounded_rectangle.jpg */ = {isa = PBXFileReference; lastKnownFileType = image.jpeg; path = rounded_rectangle.jpg; sourceTree = "<group>"; };
		8FBD1D25238B178B00F95AC0 /* rectangle.png */ = {isa = PBXFileReference; lastKnownFileType = image.png; path = rectangle.png; sourceTree = "<group>"; };
		8FBD1D26238B178B00F95AC0 /* circle.png */ = {isa = PBXFileReference; lastKnownFileType = image.png; path = circle.png; sourceTree = "<group>"; };
		8FBD1D27238B178B00F95AC0 /* triangle.png */ = {isa = PBXFileReference; lastKnownFileType = image.png; path = triangle.png; sourceTree = "<group>"; };
		8FBD1D28238B178B00F95AC0 /* rhombus.png */ = {isa = PBXFileReference; lastKnownFileType = image.png; path = rhombus.png; sourceTree = "<group>"; };
		8FBD1D29238B178B00F95AC0 /* vertical_line.png */ = {isa = PBXFileReference; lastKnownFileType = image.png; path = vertical_line.png; sourceTree = "<group>"; };
		8FBD1D2A238B178B00F95AC0 /* straight_line.png */ = {isa = PBXFileReference; lastKnownFileType = image.png; path = straight_line.png; sourceTree = "<group>"; };
		8FBD1D2B238B182700F95AC0 /* Assets.xcassets */ = {isa = PBXFileReference; lastKnownFileType = folder.assetcatalog; path = Assets.xcassets; sourceTree = "<group>"; };
		C00D2803D300546EA96A9A9F /* Pods-AccesRecs-AccesRecsUITests.debug.xcconfig */ = {isa = PBXFileReference; includeInIndex = 1; lastKnownFileType = text.xcconfig; name = "Pods-AccesRecs-AccesRecsUITests.debug.xcconfig"; path = "Target Support Files/Pods-AccesRecs-AccesRecsUITests/Pods-AccesRecs-AccesRecsUITests.debug.xcconfig"; sourceTree = "<group>"; };
		CB2E5819B307EDA4BD4121B6 /* Pods-AccesRecsTests.release.xcconfig */ = {isa = PBXFileReference; includeInIndex = 1; lastKnownFileType = text.xcconfig; name = "Pods-AccesRecsTests.release.xcconfig"; path = "Target Support Files/Pods-AccesRecsTests/Pods-AccesRecsTests.release.xcconfig"; sourceTree = "<group>"; };
		D3FDE38787BEBF3A18A14554 /* Pods-AccesRecs.debug.xcconfig */ = {isa = PBXFileReference; includeInIndex = 1; lastKnownFileType = text.xcconfig; name = "Pods-AccesRecs.debug.xcconfig"; path = "Target Support Files/Pods-AccesRecs/Pods-AccesRecs.debug.xcconfig"; sourceTree = "<group>"; };
		DA75A448DD1EF8C6B8930912 /* Pods_AccesRecs_AccesRecsUITests.framework */ = {isa = PBXFileReference; explicitFileType = wrapper.framework; includeInIndex = 0; path = Pods_AccesRecs_AccesRecsUITests.framework; sourceTree = BUILT_PRODUCTS_DIR; };
		E04B29E3C40A3BF6C05751AA /* Pods_AccesRecsTests.framework */ = {isa = PBXFileReference; explicitFileType = wrapper.framework; includeInIndex = 0; path = Pods_AccesRecsTests.framework; sourceTree = BUILT_PRODUCTS_DIR; };
		E27B876F238840A500B327BB /* MobilityMazeTest.swift */ = {isa = PBXFileReference; lastKnownFileType = sourcecode.swift; path = MobilityMazeTest.swift; sourceTree = "<group>"; };
		E29BC91C235D287B00803278 /* ColorBlindTestView.swift */ = {isa = PBXFileReference; lastKnownFileType = sourcecode.swift; path = ColorBlindTestView.swift; sourceTree = "<group>"; };
		E29BC91E235D397F00803278 /* Mobility.swift */ = {isa = PBXFileReference; lastKnownFileType = sourcecode.swift; path = Mobility.swift; sourceTree = "<group>"; };
		E29BC920236F781E00803278 /* MobilityTypingTestView.swift */ = {isa = PBXFileReference; lastKnownFileType = sourcecode.swift; path = MobilityTypingTestView.swift; sourceTree = "<group>"; };
		E2C43DAF2350D6F400F61715 /* ResultView.swift */ = {isa = PBXFileReference; lastKnownFileType = sourcecode.swift; path = ResultView.swift; sourceTree = "<group>"; };
		E2D2A8FF234E43DA00E2404B /* TestList.swift */ = {isa = PBXFileReference; lastKnownFileType = sourcecode.swift; path = TestList.swift; sourceTree = "<group>"; };
		E2D2A901234E492B00E2404B /* VisionTestData.json */ = {isa = PBXFileReference; lastKnownFileType = text.json; path = VisionTestData.json; sourceTree = "<group>"; };
		EF0F65DF238B512800D49F2F /* ReduceMotionBefore.png */ = {isa = PBXFileReference; lastKnownFileType = image.png; path = ReduceMotionBefore.png; sourceTree = "<group>"; };
		EF0F65E0238B512800D49F2F /* ColorFiltersAfter.png */ = {isa = PBXFileReference; lastKnownFileType = image.png; path = ColorFiltersAfter.png; sourceTree = "<group>"; };
		EF0F65E1238B512800D49F2F /* ColorFiltersBefore.png */ = {isa = PBXFileReference; lastKnownFileType = image.png; path = ColorFiltersBefore.png; sourceTree = "<group>"; };
		EF0F65E2238B512800D49F2F /* SmartInvertAfter.png */ = {isa = PBXFileReference; lastKnownFileType = image.png; path = SmartInvertAfter.png; sourceTree = "<group>"; };
		EF0F65E3238B512900D49F2F /* SmartInvertBefore.png */ = {isa = PBXFileReference; lastKnownFileType = image.png; path = SmartInvertBefore.png; sourceTree = "<group>"; };
		EF0F65E4238B512900D49F2F /* PreferCrossFadeAfter.png */ = {isa = PBXFileReference; lastKnownFileType = image.png; path = PreferCrossFadeAfter.png; sourceTree = "<group>"; };
		EF0F65E5238B512900D49F2F /* ClassicInvertBefore.png */ = {isa = PBXFileReference; lastKnownFileType = image.png; path = ClassicInvertBefore.png; sourceTree = "<group>"; };
		EF0F65E6238B512900D49F2F /* ReduceMotionAfter.png */ = {isa = PBXFileReference; lastKnownFileType = image.png; path = ReduceMotionAfter.png; sourceTree = "<group>"; };
		EF0F65E7238B512900D49F2F /* PreferCrossFadeBefore.png */ = {isa = PBXFileReference; lastKnownFileType = image.png; path = PreferCrossFadeBefore.png; sourceTree = "<group>"; };
		EF0F65E8238B512900D49F2F /* ClassicInvertAfter.png */ = {isa = PBXFileReference; lastKnownFileType = image.png; path = ClassicInvertAfter.png; sourceTree = "<group>"; };
		EF0F65E9238B512900D49F2F /* DiffWColorAfter.png */ = {isa = PBXFileReference; lastKnownFileType = image.png; path = DiffWColorAfter.png; sourceTree = "<group>"; };
		EF0F65EA238B512900D49F2F /* AutoPlayBefore.png */ = {isa = PBXFileReference; lastKnownFileType = image.png; path = AutoPlayBefore.png; sourceTree = "<group>"; };
		EF0F65EB238B512900D49F2F /* SpokenContentAfter.png */ = {isa = PBXFileReference; lastKnownFileType = image.png; path = SpokenContentAfter.png; sourceTree = "<group>"; };
		EF0F65EC238B512900D49F2F /* AutoPlayAfter.png */ = {isa = PBXFileReference; lastKnownFileType = image.png; path = AutoPlayAfter.png; sourceTree = "<group>"; };
		EF0F65ED238B512900D49F2F /* DiffWColorBefore.png */ = {isa = PBXFileReference; lastKnownFileType = image.png; path = DiffWColorBefore.png; sourceTree = "<group>"; };
		EF0F65EE238B512900D49F2F /* SpokenContentBefore.png */ = {isa = PBXFileReference; lastKnownFileType = image.png; path = SpokenContentBefore.png; sourceTree = "<group>"; };
		EF10A07F233E4F9D004407B5 /* AccesRecs.app */ = {isa = PBXFileReference; explicitFileType = wrapper.application; includeInIndex = 0; path = AccesRecs.app; sourceTree = BUILT_PRODUCTS_DIR; };
		EF10A082233E4F9D004407B5 /* AppDelegate.swift */ = {isa = PBXFileReference; lastKnownFileType = sourcecode.swift; path = AppDelegate.swift; sourceTree = "<group>"; };
		EF10A084233E4F9D004407B5 /* SceneDelegate.swift */ = {isa = PBXFileReference; lastKnownFileType = sourcecode.swift; path = SceneDelegate.swift; sourceTree = "<group>"; };
		EF10A08B233E4F9F004407B5 /* Preview Assets.xcassets */ = {isa = PBXFileReference; lastKnownFileType = folder.assetcatalog; path = "Preview Assets.xcassets"; sourceTree = "<group>"; };
		EF10A090233E4F9F004407B5 /* Info.plist */ = {isa = PBXFileReference; lastKnownFileType = text.plist.xml; path = Info.plist; sourceTree = "<group>"; };
		EF10A095233E4F9F004407B5 /* AccesRecsTests.xctest */ = {isa = PBXFileReference; explicitFileType = wrapper.cfbundle; includeInIndex = 0; path = AccesRecsTests.xctest; sourceTree = BUILT_PRODUCTS_DIR; };
		EF10A099233E4F9F004407B5 /* AccesRecsTests.swift */ = {isa = PBXFileReference; lastKnownFileType = sourcecode.swift; path = AccesRecsTests.swift; sourceTree = "<group>"; };
		EF10A09B233E4F9F004407B5 /* Info.plist */ = {isa = PBXFileReference; lastKnownFileType = text.plist.xml; path = Info.plist; sourceTree = "<group>"; };
		EF10A0A0233E4F9F004407B5 /* AccesRecsUITests.xctest */ = {isa = PBXFileReference; explicitFileType = wrapper.cfbundle; includeInIndex = 0; path = AccesRecsUITests.xctest; sourceTree = BUILT_PRODUCTS_DIR; };
		EF10A0A4233E4F9F004407B5 /* AccesRecsUITests.swift */ = {isa = PBXFileReference; lastKnownFileType = sourcecode.swift; path = AccesRecsUITests.swift; sourceTree = "<group>"; };
		EF10A0A6233E4F9F004407B5 /* Info.plist */ = {isa = PBXFileReference; lastKnownFileType = text.plist.xml; path = Info.plist; sourceTree = "<group>"; };
		EF53A19E238B03BA000F04B4 /* RecRequest.swift */ = {isa = PBXFileReference; fileEncoding = 4; lastKnownFileType = sourcecode.swift; path = RecRequest.swift; sourceTree = "<group>"; };
		EF5A8907234DBD9B003DB430 /* Data.swift */ = {isa = PBXFileReference; fileEncoding = 4; lastKnownFileType = sourcecode.swift; path = Data.swift; sourceTree = "<group>"; };
		EF7253A223413CFC00FEBF0F /* LandingPageView.swift */ = {isa = PBXFileReference; lastKnownFileType = sourcecode.swift; path = LandingPageView.swift; sourceTree = "<group>"; };
		EFDEC48D239F505E00B7D22A /* AppleRemoteAfter.png */ = {isa = PBXFileReference; lastKnownFileType = image.png; path = AppleRemoteAfter.png; sourceTree = "<group>"; };
		EFDEC48E239F505E00B7D22A /* KeyboardBefore.png */ = {isa = PBXFileReference; lastKnownFileType = image.png; path = KeyboardBefore.png; sourceTree = "<group>"; };
		EFDEC48F239F505E00B7D22A /* Keyboard.png */ = {isa = PBXFileReference; lastKnownFileType = image.png; path = Keyboard.png; sourceTree = "<group>"; };
		EFDEC490239F505E00B7D22A /* VoiceControl.png */ = {isa = PBXFileReference; lastKnownFileType = image.png; path = VoiceControl.png; sourceTree = "<group>"; };
		EFDEC491239F505E00B7D22A /* SideButton.png */ = {isa = PBXFileReference; lastKnownFileType = image.png; path = SideButton.png; sourceTree = "<group>"; };
		EFDEC492239F505E00B7D22A /* VoiceControlAfter.png */ = {isa = PBXFileReference; lastKnownFileType = image.png; path = VoiceControlAfter.png; sourceTree = "<group>"; };
		EFDEC493239F505E00B7D22A /* AppleRemoteBefore.png */ = {isa = PBXFileReference; lastKnownFileType = image.png; path = AppleRemoteBefore.png; sourceTree = "<group>"; };
		EFDEC494239F505E00B7D22A /* VoiceControlBefore.png */ = {isa = PBXFileReference; lastKnownFileType = image.png; path = VoiceControlBefore.png; sourceTree = "<group>"; };
		EFDEC495239F505E00B7D22A /* SideButtonAfter.png */ = {isa = PBXFileReference; lastKnownFileType = image.png; path = SideButtonAfter.png; sourceTree = "<group>"; };
		EFDEC496239F505E00B7D22A /* AppleRemote.png */ = {isa = PBXFileReference; lastKnownFileType = image.png; path = AppleRemote.png; sourceTree = "<group>"; };
		EFDEC497239F505E00B7D22A /* SideButtonBefore.png */ = {isa = PBXFileReference; lastKnownFileType = image.png; path = SideButtonBefore.png; sourceTree = "<group>"; };
		EFDEC498239F505F00B7D22A /* KeyboardAfter.png */ = {isa = PBXFileReference; lastKnownFileType = image.png; path = KeyboardAfter.png; sourceTree = "<group>"; };
		EFDEC4A523A007D400B7D22A /* VOAudioAfter.png */ = {isa = PBXFileReference; lastKnownFileType = image.png; path = VOAudioAfter.png; sourceTree = "<group>"; };
/* End PBXFileReference section */

/* Begin PBXFrameworksBuildPhase section */
		EF10A07C233E4F9D004407B5 /* Frameworks */ = {
			isa = PBXFrameworksBuildPhase;
			buildActionMask = 2147483647;
			files = (
				8AA389491D7E74FFDAC6219D /* Pods_AccesRecs.framework in Frameworks */,
			);
			runOnlyForDeploymentPostprocessing = 0;
		};
		EF10A092233E4F9F004407B5 /* Frameworks */ = {
			isa = PBXFrameworksBuildPhase;
			buildActionMask = 2147483647;
			files = (
				2EB4D1C5092B6EE72A09C32F /* Pods_AccesRecsTests.framework in Frameworks */,
			);
			runOnlyForDeploymentPostprocessing = 0;
		};
		EF10A09D233E4F9F004407B5 /* Frameworks */ = {
			isa = PBXFrameworksBuildPhase;
			buildActionMask = 2147483647;
			files = (
				3AB4803BA83B4C91586ED63B /* Pods_AccesRecs_AccesRecsUITests.framework in Frameworks */,
			);
			runOnlyForDeploymentPostprocessing = 0;
		};
/* End PBXFrameworksBuildPhase section */

/* Begin PBXGroup section */
		8FBD1C7E238B15A100F95AC0 /* TestViews */ = {
			isa = PBXGroup;
			children = (
				8F9167FA238B137200964917 /* AstigmatismTestView.swift */,
				8F916805238B137300964917 /* LargeTextTestView.swift */,
				8F9167F9238B137200964917 /* FingerTestView.swift */,
				8F9167F7238B137100964917 /* GridTestView.swift */,
				E2D2A8FF234E43DA00E2404B /* TestList.swift */,
				81416710234E6E58008C74E0 /* TestRow.swift */,
				EF53A19E238B03BA000F04B4 /* RecRequest.swift */,
				E29BC91C235D287B00803278 /* ColorBlindTestView.swift */,
				E29BC920236F781E00803278 /* MobilityTypingTestView.swift */,
				8104C08823825A6E00D3DA73 /* MobilityDrawingTestView.swift */,
				E27B876F238840A500B327BB /* MobilityMazeTest.swift */,
				8104C08A23825DE300D3DA73 /* Pencil.swift */,
				E29BC91E235D397F00803278 /* Mobility.swift */,
				E2C43DAF2350D6F400F61715 /* ResultView.swift */,
				811479B7234E72CF00502363 /* ColorBlindTest.swift */,
			);
			path = TestViews;
			sourceTree = "<group>";
		};
		8FBD1C7F238B15CE00F95AC0 /* TestData */ = {
			isa = PBXGroup;
			children = (
				E2D2A901234E492B00E2404B /* VisionTestData.json */,
				8104C08C23825F8A00D3DA73 /* MobilityTestData.json */,
				8165DA002357591C0063A747 /* ResultData.json */,
				EF5A8907234DBD9B003DB430 /* Data.swift */,
				811F93AD234E697400D6375E /* Test.swift */,
			);
			path = TestData;
			sourceTree = "<group>";
		};
		8FBD1C80238B15F500F95AC0 /* GuideData */ = {
			isa = PBXGroup;
			children = (
				8FBD1C83238B169D00F95AC0 /* GuideData.json */,
				8FBD1C84238B169D00F95AC0 /* GuideData2.json */,
			);
			path = GuideData;
			sourceTree = "<group>";
		};
		8FBD1C87238B16CC00F95AC0 /* GuideLandingPageAssets */ = {
			isa = PBXGroup;
			children = (
				8FBD1C8B238B170500F95AC0 /* eye.png */,
				8FBD1C8A238B170400F95AC0 /* home_icon.png */,
				8FBD1C8C238B170500F95AC0 /* slow-motion.png */,
				8FBD1C88238B16EB00F95AC0 /* digitalAccess.png */,
			);
			path = GuideLandingPageAssets;
			sourceTree = "<group>";
		};
		8FBD1C90238B170C00F95AC0 /* GuideMotionAssets */ = {
			isa = PBXGroup;
			children = (
				EFDEC496239F505E00B7D22A /* AppleRemote.png */,
				EFDEC48D239F505E00B7D22A /* AppleRemoteAfter.png */,
				EFDEC493239F505E00B7D22A /* AppleRemoteBefore.png */,
				EFDEC48F239F505E00B7D22A /* Keyboard.png */,
				EFDEC498239F505F00B7D22A /* KeyboardAfter.png */,
				EFDEC48E239F505E00B7D22A /* KeyboardBefore.png */,
				EFDEC491239F505E00B7D22A /* SideButton.png */,
				EFDEC495239F505E00B7D22A /* SideButtonAfter.png */,
				EFDEC497239F505E00B7D22A /* SideButtonBefore.png */,
				EFDEC490239F505E00B7D22A /* VoiceControl.png */,
				EFDEC492239F505E00B7D22A /* VoiceControlAfter.png */,
				EFDEC494239F505E00B7D22A /* VoiceControlBefore.png */,
				8FBD1C93238B172000F95AC0 /* AfterAssistiveTouch.png */,
				8FBD1C92238B171F00F95AC0 /* AfterCallRout.png */,
				8FBD1CA1238B172500F95AC0 /* AfterShakeUndo.png */,
				8FBD1C9D238B172300F95AC0 /* AfterSwitch.png */,
				8FBD1C97238B172100F95AC0 /* AfterVibration.png */,
				8FBD1CA2238B172500F95AC0 /* AutoPlayMessage.png */,
				8FBD1C96238B172100F95AC0 /* BeforeAssistiveTouch.png */,
				8FBD1C95238B172100F95AC0 /* BeforeCallRout.png */,
				8FBD1CA3238B172500F95AC0 /* BeforeShakeUndo.png */,
				8FBD1C9C238B172300F95AC0 /* BeforeSwitch.png */,
				8FBD1CA0238B172400F95AC0 /* BeforeVibration.png */,
				8FBD1C9B238B172300F95AC0 /* CallAudioRout.png */,
				8FBD1C98238B172200F95AC0 /* MotionLogo.png */,
				8FBD1C99238B172200F95AC0 /* SwitchControl.png */,
				8FBD1C9E238B172400F95AC0 /* TouchAccomAfter.png */,
				8FBD1C9A238B172200F95AC0 /* TouchAccomBefore.png */,
				8FBD1C94238B172000F95AC0 /* TouchAcomm.png */,
				8FBD1C91238B171F00F95AC0 /* UndoShake.png */,
				8FBD1C9F238B172400F95AC0 /* Vibration.png */,
			);
			path = GuideMotionAssets;
			sourceTree = "<group>";
		};
		8FBD1CB7238B172F00F95AC0 /* GuideViews */ = {
			isa = PBXGroup;
			children = (
				8FBD1CB8238B173E00F95AC0 /* ContentView.swift */,
				8FBD1CBD238B174000F95AC0 /* DropDown.swift */,
				8FBD1CBE238B174000F95AC0 /* Guide.swift */,
				8FBD1CBB238B173F00F95AC0 /* GuideList.swift */,
				8FBD1CBC238B173F00F95AC0 /* GuideRow.swift */,
				8FBD1CBA238B173F00F95AC0 /* SearchBar.swift */,
				8FBD1CBF238B174000F95AC0 /* SettingsStepsView.swift */,
				8FBD1CC0238B174100F95AC0 /* TemplateGuideView.swift */,
				8FBD1CB9238B173E00F95AC0 /* UsageGuideView.swift */,
			);
			path = GuideViews;
			sourceTree = "<group>";
		};
		8FBD1CCA238B174B00F95AC0 /* GuideVisionAssets */ = {
			isa = PBXGroup;
			children = (
				EFDEC4A523A007D400B7D22A /* VOAudioAfter.png */,
				EF0F65EC238B512900D49F2F /* AutoPlayAfter.png */,
				EF0F65EA238B512900D49F2F /* AutoPlayBefore.png */,
				EF0F65E8238B512900D49F2F /* ClassicInvertAfter.png */,
				EF0F65E5238B512900D49F2F /* ClassicInvertBefore.png */,
				EF0F65E0238B512800D49F2F /* ColorFiltersAfter.png */,
				EF0F65E1238B512800D49F2F /* ColorFiltersBefore.png */,
				EF0F65E9238B512900D49F2F /* DiffWColorAfter.png */,
				EF0F65ED238B512900D49F2F /* DiffWColorBefore.png */,
				EF0F65E4238B512900D49F2F /* PreferCrossFadeAfter.png */,
				EF0F65E7238B512900D49F2F /* PreferCrossFadeBefore.png */,
				EF0F65E6238B512900D49F2F /* ReduceMotionAfter.png */,
				EF0F65DF238B512800D49F2F /* ReduceMotionBefore.png */,
				EF0F65E2238B512800D49F2F /* SmartInvertAfter.png */,
				EF0F65E3238B512900D49F2F /* SmartInvertBefore.png */,
				EF0F65EB238B512900D49F2F /* SpokenContentAfter.png */,
				EF0F65EE238B512900D49F2F /* SpokenContentBefore.png */,
				8FBD1CE5238B176700F95AC0 /* AfterBoldText.png */,
				8FBD1CEB238B176800F95AC0 /* AfterButtonShape.png */,
				8FBD1CDD238B176500F95AC0 /* AfterDarkMode.png */,
				8FBD1CE3238B176600F95AC0 /* AfterGrayScale.png */,
				8FBD1CD1238B176200F95AC0 /* AfterIncreaseContrast.png */,
				8FBD1CCD238B176100F95AC0 /* AfterLargerText.png */,
				8FBD1CF1238B176A00F95AC0 /* AfterMagnifier.png */,
				8FBD1CF0238B176A00F95AC0 /* AfterOnOff.png */,
				8FBD1CE4238B176700F95AC0 /* AfterReduceTransparency.png */,
				8FBD1CCC238B176100F95AC0 /* AfterReduceTransparencyDock.png */,
				8FBD1CD8238B176300F95AC0 /* AfterVoiceOver.png */,
				8FBD1CF6238B176B00F95AC0 /* AfterZoom.png */,
				8FBD1CEA238B176800F95AC0 /* AssistiveTouch.png */,
				8FBD1CE8238B176800F95AC0 /* BeforeBoldText.png */,
				8FBD1CF2238B176A00F95AC0 /* BeforeButtonShape.png */,
				8FBD1CF4238B176B00F95AC0 /* BeforeDarkMode.png */,
				8FBD1CD5238B176300F95AC0 /* BeforeGrayScale.png */,
				8FBD1CD6238B176300F95AC0 /* BeforeIncreaseContrast.png */,
				8FBD1CDE238B176500F95AC0 /* BeforeLargerText.png */,
				8FBD1CCB238B176100F95AC0 /* BeforeMagnifier.png */,
				8FBD1CE7238B176700F95AC0 /* BeforeOnOff.png */,
				8FBD1CD9238B176400F95AC0 /* BeforeReduceTransparency.png */,
				8FBD1CEF238B176A00F95AC0 /* BeforeReduceTransparencyDock.png */,
				8FBD1CE6238B176700F95AC0 /* BeforeVoiceOver.png */,
				8FBD1CCF238B176200F95AC0 /* BeforeZoom.png */,
				8FBD1CDB238B176400F95AC0 /* ButtonShapeLogo.png */,
				8FBD1CEC238B176900F95AC0 /* ClassicInvert.png */,
				8FBD1CF5238B176B00F95AC0 /* ColorFilters.png */,
				8FBD1CE9238B176800F95AC0 /* DarkMode.png */,
				8FBD1CE0238B176600F95AC0 /* DiffWColor.png */,
				8FBD1CD0238B176200F95AC0 /* GrayScale.png */,
				8FBD1CD3238B176300F95AC0 /* IncreaseContrast.png */,
				8FBD1CD4238B176300F95AC0 /* LargeTextLogo.png */,
				8FBD1CCE238B176100F95AC0 /* MagnifierLogo.png */,
				8FBD1CD2238B176200F95AC0 /* OnOffLabels.png */,
				8FBD1CED238B176900F95AC0 /* PreferCrossFade.png */,
				8FBD1CDF238B176500F95AC0 /* ReduceMotion.png */,
				8FBD1CDC238B176500F95AC0 /* ReduceTransparencyLogo.png */,
				8FBD1CEE238B176900F95AC0 /* SmartInvert.png */,
				8FBD1CD7238B176300F95AC0 /* SpokenContent.png */,
				8FBD1CDA238B176400F95AC0 /* VOAudio.png */,
				8FBD1CE1238B176600F95AC0 /* VOCommands.png */,
				8FBD1CF3238B176B00F95AC0 /* VoiceOver.png */,
				8FBD1CE2238B176600F95AC0 /* ZoomLogo.png */,
			);
			path = GuideVisionAssets;
			sourceTree = "<group>";
		};
		8FBD1D23238B178B00F95AC0 /* MobilityDrawingTestImages */ = {
			isa = PBXGroup;
			children = (
				8FBD1D24238B178B00F95AC0 /* rounded_rectangle.jpg */,
				8FBD1D25238B178B00F95AC0 /* rectangle.png */,
				8FBD1D26238B178B00F95AC0 /* circle.png */,
				8FBD1D27238B178B00F95AC0 /* triangle.png */,
				8FBD1D28238B178B00F95AC0 /* rhombus.png */,
				8FBD1D29238B178B00F95AC0 /* vertical_line.png */,
				8FBD1D2A238B178B00F95AC0 /* straight_line.png */,
			);
			path = MobilityDrawingTestImages;
			sourceTree = "<group>";
		};
		98BE34835CE38E6EAFD542D8 /* Frameworks */ = {
			isa = PBXGroup;
			children = (
				4F707ED87081753CF438F3D8 /* Pods_AccesRecs.framework */,
				DA75A448DD1EF8C6B8930912 /* Pods_AccesRecs_AccesRecsUITests.framework */,
				E04B29E3C40A3BF6C05751AA /* Pods_AccesRecsTests.framework */,
			);
			name = Frameworks;
			sourceTree = "<group>";
		};
		CF0A88935E61A710606362D9 /* Pods */ = {
			isa = PBXGroup;
			children = (
				D3FDE38787BEBF3A18A14554 /* Pods-AccesRecs.debug.xcconfig */,
				2BC70FEE2196CE531EAC5045 /* Pods-AccesRecs.release.xcconfig */,
				C00D2803D300546EA96A9A9F /* Pods-AccesRecs-AccesRecsUITests.debug.xcconfig */,
				4D35FB84B0B2CFCA723FCFA4 /* Pods-AccesRecs-AccesRecsUITests.release.xcconfig */,
				41A20671834DC78B6C9AE613 /* Pods-AccesRecsTests.debug.xcconfig */,
				CB2E5819B307EDA4BD4121B6 /* Pods-AccesRecsTests.release.xcconfig */,
			);
			path = Pods;
			sourceTree = "<group>";
		};
		EF10A076233E4F9D004407B5 = {
			isa = PBXGroup;
			children = (
				8F916806238B137300964917 /* Preview Content */,
				EF10A081233E4F9D004407B5 /* AccesRecs */,
				EF10A098233E4F9F004407B5 /* AccesRecsTests */,
				EF10A0A3233E4F9F004407B5 /* AccesRecsUITests */,
				EF10A080233E4F9D004407B5 /* Products */,
				CF0A88935E61A710606362D9 /* Pods */,
				98BE34835CE38E6EAFD542D8 /* Frameworks */,
			);
			sourceTree = "<group>";
		};
		EF10A080233E4F9D004407B5 /* Products */ = {
			isa = PBXGroup;
			children = (
				EF10A07F233E4F9D004407B5 /* AccesRecs.app */,
				EF10A095233E4F9F004407B5 /* AccesRecsTests.xctest */,
				EF10A0A0233E4F9F004407B5 /* AccesRecsUITests.xctest */,
			);
			name = Products;
			sourceTree = "<group>";
		};
		EF10A081233E4F9D004407B5 /* AccesRecs */ = {
			isa = PBXGroup;
			children = (
				8FBD1D2B238B182700F95AC0 /* Assets.xcassets */,
				8F9167FC238B137200964917 /* testImages */,
				8F9167EE238B137100964917 /* Vision Tests */,
				8FBD1D23238B178B00F95AC0 /* MobilityDrawingTestImages */,
				8FBD1CCA238B174B00F95AC0 /* GuideVisionAssets */,
				8FBD1CB7238B172F00F95AC0 /* GuideViews */,
				8FBD1C90238B170C00F95AC0 /* GuideMotionAssets */,
				8FBD1C87238B16CC00F95AC0 /* GuideLandingPageAssets */,
				8FBD1C80238B15F500F95AC0 /* GuideData */,
				8FBD1C7F238B15CE00F95AC0 /* TestData */,
				8FBD1C7E238B15A100F95AC0 /* TestViews */,
				EF10A082233E4F9D004407B5 /* AppDelegate.swift */,
				EF7253A223413CFC00FEBF0F /* LandingPageView.swift */,
				EF10A084233E4F9D004407B5 /* SceneDelegate.swift */,
				EF10A090233E4F9F004407B5 /* Info.plist */,
				EF10A08A233E4F9F004407B5 /* Preview Content */,
			);
			path = AccesRecs;
			sourceTree = "<group>";
		};
		EF10A08A233E4F9F004407B5 /* Preview Content */ = {
			isa = PBXGroup;
			children = (
				EF10A08B233E4F9F004407B5 /* Preview Assets.xcassets */,
			);
			path = "Preview Content";
			sourceTree = "<group>";
		};
		EF10A098233E4F9F004407B5 /* AccesRecsTests */ = {
			isa = PBXGroup;
			children = (
				EF10A099233E4F9F004407B5 /* AccesRecsTests.swift */,
				EF10A09B233E4F9F004407B5 /* Info.plist */,
			);
			path = AccesRecsTests;
			sourceTree = "<group>";
		};
		EF10A0A3233E4F9F004407B5 /* AccesRecsUITests */ = {
			isa = PBXGroup;
			children = (
				EF10A0A4233E4F9F004407B5 /* AccesRecsUITests.swift */,
				EF10A0A6233E4F9F004407B5 /* Info.plist */,
			);
			path = AccesRecsUITests;
			sourceTree = "<group>";
		};
/* End PBXGroup section */

/* Begin PBXNativeTarget section */
		EF10A07E233E4F9D004407B5 /* AccesRecs */ = {
			isa = PBXNativeTarget;
			buildConfigurationList = EF10A0A9233E4F9F004407B5 /* Build configuration list for PBXNativeTarget "AccesRecs" */;
			buildPhases = (
				016E498EB74E6A07D6BBE8B8 /* [CP] Check Pods Manifest.lock */,
				EF10A07B233E4F9D004407B5 /* Sources */,
				EF10A07C233E4F9D004407B5 /* Frameworks */,
				EF10A07D233E4F9D004407B5 /* Resources */,
				AAFDF97CD9D7056999531FCA /* [CP] Embed Pods Frameworks */,
			);
			buildRules = (
			);
			dependencies = (
			);
			name = AccesRecs;
			productName = AccesRecs;
			productReference = EF10A07F233E4F9D004407B5 /* AccesRecs.app */;
			productType = "com.apple.product-type.application";
		};
		EF10A094233E4F9F004407B5 /* AccesRecsTests */ = {
			isa = PBXNativeTarget;
			buildConfigurationList = EF10A0AC233E4F9F004407B5 /* Build configuration list for PBXNativeTarget "AccesRecsTests" */;
			buildPhases = (
				4B333F4A6991ABE6B0B5FF57 /* [CP] Check Pods Manifest.lock */,
				EF10A091233E4F9F004407B5 /* Sources */,
				EF10A092233E4F9F004407B5 /* Frameworks */,
				EF10A093233E4F9F004407B5 /* Resources */,
			);
			buildRules = (
			);
			dependencies = (
				EF10A097233E4F9F004407B5 /* PBXTargetDependency */,
			);
			name = AccesRecsTests;
			productName = AccesRecsTests;
			productReference = EF10A095233E4F9F004407B5 /* AccesRecsTests.xctest */;
			productType = "com.apple.product-type.bundle.unit-test";
		};
		EF10A09F233E4F9F004407B5 /* AccesRecsUITests */ = {
			isa = PBXNativeTarget;
			buildConfigurationList = EF10A0AF233E4F9F004407B5 /* Build configuration list for PBXNativeTarget "AccesRecsUITests" */;
			buildPhases = (
				AF551F53FA08A7C4562471B2 /* [CP] Check Pods Manifest.lock */,
				EF10A09C233E4F9F004407B5 /* Sources */,
				EF10A09D233E4F9F004407B5 /* Frameworks */,
				EF10A09E233E4F9F004407B5 /* Resources */,
				F08008C2266A6635141475F7 /* [CP] Embed Pods Frameworks */,
			);
			buildRules = (
			);
			dependencies = (
				EF10A0A2233E4F9F004407B5 /* PBXTargetDependency */,
			);
			name = AccesRecsUITests;
			productName = AccesRecsUITests;
			productReference = EF10A0A0233E4F9F004407B5 /* AccesRecsUITests.xctest */;
			productType = "com.apple.product-type.bundle.ui-testing";
		};
/* End PBXNativeTarget section */

/* Begin PBXProject section */
		EF10A077233E4F9D004407B5 /* Project object */ = {
			isa = PBXProject;
			attributes = {
				LastSwiftUpdateCheck = 1100;
				LastUpgradeCheck = 1100;
				ORGANIZATIONNAME = "Norin Lavaee";
				TargetAttributes = {
					EF10A07E233E4F9D004407B5 = {
						CreatedOnToolsVersion = 11.0;
					};
					EF10A094233E4F9F004407B5 = {
						CreatedOnToolsVersion = 11.0;
						TestTargetID = EF10A07E233E4F9D004407B5;
					};
					EF10A09F233E4F9F004407B5 = {
						CreatedOnToolsVersion = 11.0;
						TestTargetID = EF10A07E233E4F9D004407B5;
					};
				};
			};
			buildConfigurationList = EF10A07A233E4F9D004407B5 /* Build configuration list for PBXProject "AccesRecs" */;
			compatibilityVersion = "Xcode 9.3";
			developmentRegion = en;
			hasScannedForEncodings = 0;
			knownRegions = (
				en,
				Base,
			);
			mainGroup = EF10A076233E4F9D004407B5;
			productRefGroup = EF10A080233E4F9D004407B5 /* Products */;
			projectDirPath = "";
			projectRoot = "";
			targets = (
				EF10A07E233E4F9D004407B5 /* AccesRecs */,
				EF10A094233E4F9F004407B5 /* AccesRecsTests */,
				EF10A09F233E4F9F004407B5 /* AccesRecsUITests */,
			);
		};
/* End PBXProject section */

/* Begin PBXResourcesBuildPhase section */
		EF10A07D233E4F9D004407B5 /* Resources */ = {
			isa = PBXResourcesBuildPhase;
			buildActionMask = 2147483647;
			files = (
				8FBD1CFE238B176C00F95AC0 /* OnOffLabels.png in Resources */,
				8FBD1C8F238B170500F95AC0 /* slow-motion.png in Resources */,
				8FBD1D04238B176C00F95AC0 /* AfterVoiceOver.png in Resources */,
				8FBD1D02238B176C00F95AC0 /* BeforeIncreaseContrast.png in Resources */,
				8FBD1D18238B176C00F95AC0 /* ClassicInvert.png in Resources */,
				8FBD1CAC238B172500F95AC0 /* SwitchControl.png in Resources */,
				8FBD1CF9238B176C00F95AC0 /* AfterLargerText.png in Resources */,
				8FBD1D01238B176C00F95AC0 /* BeforeGrayScale.png in Resources */,
				8104C08D23825F8A00D3DA73 /* MobilityTestData.json in Resources */,
				EFDEC49A239F505F00B7D22A /* KeyboardBefore.png in Resources */,
				8FBD1C8D238B170500F95AC0 /* home_icon.png in Resources */,
				8FBD1CB2238B172500F95AC0 /* Vibration.png in Resources */,
				EF0F65F5238B512900D49F2F /* ClassicInvertBefore.png in Resources */,
				8FBD1D1A238B176C00F95AC0 /* SmartInvert.png in Resources */,
				8F91681A238B137300964917 /* testImages in Resources */,
				8FBD1C85238B169D00F95AC0 /* GuideData.json in Resources */,
				EF0F65FD238B512900D49F2F /* DiffWColorBefore.png in Resources */,
				EF10A08C233E4F9F004407B5 /* Preview Assets.xcassets in Resources */,
				8FBD1CF8238B176C00F95AC0 /* AfterReduceTransparencyDock.png in Resources */,
				8FBD1D06238B176C00F95AC0 /* VOAudio.png in Resources */,
				8FBD1CA4238B172500F95AC0 /* UndoShake.png in Resources */,
				EFDEC49F239F505F00B7D22A /* AppleRemoteBefore.png in Resources */,
				EF0F65F0238B512900D49F2F /* ColorFiltersAfter.png in Resources */,
				81416712234E709D008C74E0 /* VisionTestData.json in Resources */,
				8FBD1CA5238B172500F95AC0 /* AfterCallRout.png in Resources */,
				8FBD1D14238B176C00F95AC0 /* BeforeBoldText.png in Resources */,
				8FBD1CA8238B172500F95AC0 /* BeforeCallRout.png in Resources */,
				EF0F65F4238B512900D49F2F /* PreferCrossFadeAfter.png in Resources */,
				EF0F65FC238B512900D49F2F /* AutoPlayAfter.png in Resources */,
				EFDEC49B239F505F00B7D22A /* Keyboard.png in Resources */,
				8FBD1CAB238B172500F95AC0 /* MotionLogo.png in Resources */,
				8FBD1D12238B176C00F95AC0 /* BeforeVoiceOver.png in Resources */,
				EFDEC4A623A007D400B7D22A /* VOAudioAfter.png in Resources */,
				8FBD1CAD238B172500F95AC0 /* TouchAccomBefore.png in Resources */,
				8FBD1D05238B176C00F95AC0 /* BeforeReduceTransparency.png in Resources */,
				8FBD1D1E238B176C00F95AC0 /* BeforeButtonShape.png in Resources */,
				8FBD1D03238B176C00F95AC0 /* SpokenContent.png in Resources */,
				8FBD1CA6238B172500F95AC0 /* AfterAssistiveTouch.png in Resources */,
				8FBD1D16238B176C00F95AC0 /* AssistiveTouch.png in Resources */,
				8FBD1D15238B176C00F95AC0 /* DarkMode.png in Resources */,
				EF0F65FE238B512900D49F2F /* SpokenContentBefore.png in Resources */,
				8FBD1D17238B176C00F95AC0 /* AfterButtonShape.png in Resources */,
				8FBD1CFA238B176C00F95AC0 /* MagnifierLogo.png in Resources */,
				8FBD1CFF238B176C00F95AC0 /* IncreaseContrast.png in Resources */,
				8FBD1CAF238B172500F95AC0 /* BeforeSwitch.png in Resources */,
				8FBD1D1C238B176C00F95AC0 /* AfterOnOff.png in Resources */,
				8FBD1C89238B16EB00F95AC0 /* digitalAccess.png in Resources */,
				EF0F65F6238B512900D49F2F /* ReduceMotionAfter.png in Resources */,
				EFDEC4A4239F505F00B7D22A /* KeyboardAfter.png in Resources */,
				8FBD1D13238B176C00F95AC0 /* BeforeOnOff.png in Resources */,
				8FBD1D11238B176C00F95AC0 /* AfterBoldText.png in Resources */,
				8FBD1D0D238B176C00F95AC0 /* VOCommands.png in Resources */,
				8FBD1CF7238B176C00F95AC0 /* BeforeMagnifier.png in Resources */,
				8FBD1D0C238B176C00F95AC0 /* DiffWColor.png in Resources */,
				EFDEC4A1239F505F00B7D22A /* SideButtonAfter.png in Resources */,
				81416712234E709D008C74E0 /* VisionTestData.json in Resources */,
				8FBD1D21238B176C00F95AC0 /* ColorFilters.png in Resources */,
				EFDEC49E239F505F00B7D22A /* VoiceControlAfter.png in Resources */,
				8FBD1D0F238B176C00F95AC0 /* AfterGrayScale.png in Resources */,
				8FBD1D0E238B176C00F95AC0 /* ZoomLogo.png in Resources */,
				EFDEC4A3239F505F00B7D22A /* SideButtonBefore.png in Resources */,
				8FBD1D1D238B176C00F95AC0 /* AfterMagnifier.png in Resources */,
				8FBD1D0A238B176C00F95AC0 /* BeforeLargerText.png in Resources */,
				8FBD1D19238B176C00F95AC0 /* PreferCrossFade.png in Resources */,
				8FBD1C86238B169D00F95AC0 /* GuideData2.json in Resources */,
				8FBD1D08238B176C00F95AC0 /* ReduceTransparencyLogo.png in Resources */,
				EF0F65FB238B512900D49F2F /* SpokenContentAfter.png in Resources */,
				8FBD1CB0238B172500F95AC0 /* AfterSwitch.png in Resources */,
				8FBD1D00238B176C00F95AC0 /* LargeTextLogo.png in Resources */,
				8FBD1D1B238B176C00F95AC0 /* BeforeReduceTransparencyDock.png in Resources */,
				8FBD1D07238B176C00F95AC0 /* ButtonShapeLogo.png in Resources */,
				8FBD1CAA238B172500F95AC0 /* AfterVibration.png in Resources */,
				8FBD1D22238B176C00F95AC0 /* AfterZoom.png in Resources */,
				8FBD1CB3238B172500F95AC0 /* BeforeVibration.png in Resources */,
				8FBD1D2C238B182700F95AC0 /* Assets.xcassets in Resources */,
				8FBD1D10238B176C00F95AC0 /* AfterReduceTransparency.png in Resources */,
				EFDEC49C239F505F00B7D22A /* VoiceControl.png in Resources */,
				8FBD1CA7238B172500F95AC0 /* TouchAcomm.png in Resources */,
				8FBD1CFD238B176C00F95AC0 /* AfterIncreaseContrast.png in Resources */,
				EFDEC4A0239F505F00B7D22A /* VoiceControlBefore.png in Resources */,
				EFDEC499239F505F00B7D22A /* AppleRemoteAfter.png in Resources */,
				EF0F65F3238B512900D49F2F /* SmartInvertBefore.png in Resources */,
				8FBD1CAE238B172500F95AC0 /* CallAudioRout.png in Resources */,
				8FBD1C8E238B170500F95AC0 /* eye.png in Resources */,
				EF0F65FA238B512900D49F2F /* AutoPlayBefore.png in Resources */,
				EF0F65F8238B512900D49F2F /* ClassicInvertAfter.png in Resources */,
				8FBD1D20238B176C00F95AC0 /* BeforeDarkMode.png in Resources */,
				8FBD1D1F238B176C00F95AC0 /* VoiceOver.png in Resources */,
				8165DA012357591D0063A747 /* ResultData.json in Resources */,
				EF0F65F2238B512900D49F2F /* SmartInvertAfter.png in Resources */,
				8FBD1CB6238B172600F95AC0 /* BeforeShakeUndo.png in Resources */,
				EFDEC4A2239F505F00B7D22A /* AppleRemote.png in Resources */,
				8FBD1CA9238B172500F95AC0 /* BeforeAssistiveTouch.png in Resources */,
				EF0F65EF238B512900D49F2F /* ReduceMotionBefore.png in Resources */,
				EF0F65F9238B512900D49F2F /* DiffWColorAfter.png in Resources */,
				8FBD1CB5238B172500F95AC0 /* AutoPlayMessage.png in Resources */,
				8F916824238B137300964917 /* Preview Content in Resources */,
				8FBD1CB4238B172500F95AC0 /* AfterShakeUndo.png in Resources */,
				8FBD1CFC238B176C00F95AC0 /* GrayScale.png in Resources */,
				8FBD1D0B238B176C00F95AC0 /* ReduceMotion.png in Resources */,
				EF0F65F1238B512900D49F2F /* ColorFiltersBefore.png in Resources */,
				EF0F65F7238B512900D49F2F /* PreferCrossFadeBefore.png in Resources */,
				8FBD1CB1238B172500F95AC0 /* TouchAccomAfter.png in Resources */,
				EFDEC49D239F505F00B7D22A /* SideButton.png in Resources */,
				8FBD1D09238B176C00F95AC0 /* AfterDarkMode.png in Resources */,
				8F91680C238B137300964917 /* Vision Tests in Resources */,
				8FBD1CFB238B176C00F95AC0 /* BeforeZoom.png in Resources */,
			);
			runOnlyForDeploymentPostprocessing = 0;
		};
		EF10A093233E4F9F004407B5 /* Resources */ = {
			isa = PBXResourcesBuildPhase;
			buildActionMask = 2147483647;
			files = (
			);
			runOnlyForDeploymentPostprocessing = 0;
		};
		EF10A09E233E4F9F004407B5 /* Resources */ = {
			isa = PBXResourcesBuildPhase;
			buildActionMask = 2147483647;
			files = (
			);
			runOnlyForDeploymentPostprocessing = 0;
		};
/* End PBXResourcesBuildPhase section */

/* Begin PBXShellScriptBuildPhase section */
		016E498EB74E6A07D6BBE8B8 /* [CP] Check Pods Manifest.lock */ = {
			isa = PBXShellScriptBuildPhase;
			buildActionMask = 2147483647;
			files = (
			);
			inputFileListPaths = (
			);
			inputPaths = (
				"${PODS_PODFILE_DIR_PATH}/Podfile.lock",
				"${PODS_ROOT}/Manifest.lock",
			);
			name = "[CP] Check Pods Manifest.lock";
			outputFileListPaths = (
			);
			outputPaths = (
				"$(DERIVED_FILE_DIR)/Pods-AccesRecs-checkManifestLockResult.txt",
			);
			runOnlyForDeploymentPostprocessing = 0;
			shellPath = /bin/sh;
			shellScript = "diff \"${PODS_PODFILE_DIR_PATH}/Podfile.lock\" \"${PODS_ROOT}/Manifest.lock\" > /dev/null\nif [ $? != 0 ] ; then\n    # print error to STDERR\n    echo \"error: The sandbox is not in sync with the Podfile.lock. Run 'pod install' or update your CocoaPods installation.\" >&2\n    exit 1\nfi\n# This output is used by Xcode 'outputs' to avoid re-running this script phase.\necho \"SUCCESS\" > \"${SCRIPT_OUTPUT_FILE_0}\"\n";
			showEnvVarsInLog = 0;
		};
		4B333F4A6991ABE6B0B5FF57 /* [CP] Check Pods Manifest.lock */ = {
			isa = PBXShellScriptBuildPhase;
			buildActionMask = 2147483647;
			files = (
			);
			inputFileListPaths = (
			);
			inputPaths = (
				"${PODS_PODFILE_DIR_PATH}/Podfile.lock",
				"${PODS_ROOT}/Manifest.lock",
			);
			name = "[CP] Check Pods Manifest.lock";
			outputFileListPaths = (
			);
			outputPaths = (
				"$(DERIVED_FILE_DIR)/Pods-AccesRecsTests-checkManifestLockResult.txt",
			);
			runOnlyForDeploymentPostprocessing = 0;
			shellPath = /bin/sh;
			shellScript = "diff \"${PODS_PODFILE_DIR_PATH}/Podfile.lock\" \"${PODS_ROOT}/Manifest.lock\" > /dev/null\nif [ $? != 0 ] ; then\n    # print error to STDERR\n    echo \"error: The sandbox is not in sync with the Podfile.lock. Run 'pod install' or update your CocoaPods installation.\" >&2\n    exit 1\nfi\n# This output is used by Xcode 'outputs' to avoid re-running this script phase.\necho \"SUCCESS\" > \"${SCRIPT_OUTPUT_FILE_0}\"\n";
			showEnvVarsInLog = 0;
		};
		AAFDF97CD9D7056999531FCA /* [CP] Embed Pods Frameworks */ = {
			isa = PBXShellScriptBuildPhase;
			buildActionMask = 2147483647;
			files = (
			);
			inputFileListPaths = (
				"${PODS_ROOT}/Target Support Files/Pods-AccesRecs/Pods-AccesRecs-frameworks-${CONFIGURATION}-input-files.xcfilelist",
			);
			name = "[CP] Embed Pods Frameworks";
			outputFileListPaths = (
				"${PODS_ROOT}/Target Support Files/Pods-AccesRecs/Pods-AccesRecs-frameworks-${CONFIGURATION}-output-files.xcfilelist",
			);
			runOnlyForDeploymentPostprocessing = 0;
			shellPath = /bin/sh;
			shellScript = "\"${PODS_ROOT}/Target Support Files/Pods-AccesRecs/Pods-AccesRecs-frameworks.sh\"\n";
			showEnvVarsInLog = 0;
		};
		AF551F53FA08A7C4562471B2 /* [CP] Check Pods Manifest.lock */ = {
			isa = PBXShellScriptBuildPhase;
			buildActionMask = 2147483647;
			files = (
			);
			inputFileListPaths = (
			);
			inputPaths = (
				"${PODS_PODFILE_DIR_PATH}/Podfile.lock",
				"${PODS_ROOT}/Manifest.lock",
			);
			name = "[CP] Check Pods Manifest.lock";
			outputFileListPaths = (
			);
			outputPaths = (
				"$(DERIVED_FILE_DIR)/Pods-AccesRecs-AccesRecsUITests-checkManifestLockResult.txt",
			);
			runOnlyForDeploymentPostprocessing = 0;
			shellPath = /bin/sh;
			shellScript = "diff \"${PODS_PODFILE_DIR_PATH}/Podfile.lock\" \"${PODS_ROOT}/Manifest.lock\" > /dev/null\nif [ $? != 0 ] ; then\n    # print error to STDERR\n    echo \"error: The sandbox is not in sync with the Podfile.lock. Run 'pod install' or update your CocoaPods installation.\" >&2\n    exit 1\nfi\n# This output is used by Xcode 'outputs' to avoid re-running this script phase.\necho \"SUCCESS\" > \"${SCRIPT_OUTPUT_FILE_0}\"\n";
			showEnvVarsInLog = 0;
		};
		F08008C2266A6635141475F7 /* [CP] Embed Pods Frameworks */ = {
			isa = PBXShellScriptBuildPhase;
			buildActionMask = 2147483647;
			files = (
			);
			inputFileListPaths = (
				"${PODS_ROOT}/Target Support Files/Pods-AccesRecs-AccesRecsUITests/Pods-AccesRecs-AccesRecsUITests-frameworks-${CONFIGURATION}-input-files.xcfilelist",
			);
			name = "[CP] Embed Pods Frameworks";
			outputFileListPaths = (
				"${PODS_ROOT}/Target Support Files/Pods-AccesRecs-AccesRecsUITests/Pods-AccesRecs-AccesRecsUITests-frameworks-${CONFIGURATION}-output-files.xcfilelist",
			);
			runOnlyForDeploymentPostprocessing = 0;
			shellPath = /bin/sh;
			shellScript = "\"${PODS_ROOT}/Target Support Files/Pods-AccesRecs-AccesRecsUITests/Pods-AccesRecs-AccesRecsUITests-frameworks.sh\"\n";
			showEnvVarsInLog = 0;
		};
/* End PBXShellScriptBuildPhase section */

/* Begin PBXSourcesBuildPhase section */
		EF10A07B233E4F9D004407B5 /* Sources */ = {
			isa = PBXSourcesBuildPhase;
			buildActionMask = 2147483647;
			files = (
				8FBD1CC4238B174100F95AC0 /* GuideList.swift in Sources */,
				EF10A083233E4F9D004407B5 /* AppDelegate.swift in Sources */,
				8F916817238B137300964917 /* FingerTestView.swift in Sources */,
				E29BC91D235D287B00803278 /* ColorBlindTestView.swift in Sources */,
				E29BC921236F781E00803278 /* MobilityTypingTestView.swift in Sources */,
				811F93AE234E697400D6375E /* Test.swift in Sources */,
				8FBD1CC2238B174100F95AC0 /* UsageGuideView.swift in Sources */,
				81416711234E6E58008C74E0 /* TestRow.swift in Sources */,
				8FBD1CC7238B174100F95AC0 /* Guide.swift in Sources */,
				811479B8234E72CF00502363 /* ColorBlindTest.swift in Sources */,
				E29BC91F235D397F00803278 /* Mobility.swift in Sources */,
				EF53A19F238B03BA000F04B4 /* RecRequest.swift in Sources */,
				8F916823238B137300964917 /* LargeTextTestView.swift in Sources */,
				8FBD1CC1238B174100F95AC0 /* ContentView.swift in Sources */,
				8104C08923825A6E00D3DA73 /* MobilityDrawingTestView.swift in Sources */,
				E27B8770238840A500B327BB /* MobilityMazeTest.swift in Sources */,
				8FBD1CC3238B174100F95AC0 /* SearchBar.swift in Sources */,
				8FBD1CC9238B174100F95AC0 /* TemplateGuideView.swift in Sources */,
				8F916815238B137300964917 /* GridTestView.swift in Sources */,
				8F916818238B137300964917 /* AstigmatismTestView.swift in Sources */,
				8FBD1CC6238B174100F95AC0 /* DropDown.swift in Sources */,
				8FBD1CC5238B174100F95AC0 /* GuideRow.swift in Sources */,
				8104C08B23825DE300D3DA73 /* Pencil.swift in Sources */,
				8FBD1CC8238B174100F95AC0 /* SettingsStepsView.swift in Sources */,
				EF10A085233E4F9D004407B5 /* SceneDelegate.swift in Sources */,
				EF7253A323413CFC00FEBF0F /* LandingPageView.swift in Sources */,
				EF5A8909234DBD9B003DB430 /* Data.swift in Sources */,
				E2C43DB02350D6F400F61715 /* ResultView.swift in Sources */,
				E2D2A900234E43DA00E2404B /* TestList.swift in Sources */,
			);
			runOnlyForDeploymentPostprocessing = 0;
		};
		EF10A091233E4F9F004407B5 /* Sources */ = {
			isa = PBXSourcesBuildPhase;
			buildActionMask = 2147483647;
			files = (
				EF10A09A233E4F9F004407B5 /* AccesRecsTests.swift in Sources */,
			);
			runOnlyForDeploymentPostprocessing = 0;
		};
		EF10A09C233E4F9F004407B5 /* Sources */ = {
			isa = PBXSourcesBuildPhase;
			buildActionMask = 2147483647;
			files = (
				EF10A0A5233E4F9F004407B5 /* AccesRecsUITests.swift in Sources */,
			);
			runOnlyForDeploymentPostprocessing = 0;
		};
/* End PBXSourcesBuildPhase section */

/* Begin PBXTargetDependency section */
		EF10A097233E4F9F004407B5 /* PBXTargetDependency */ = {
			isa = PBXTargetDependency;
			target = EF10A07E233E4F9D004407B5 /* AccesRecs */;
			targetProxy = EF10A096233E4F9F004407B5 /* PBXContainerItemProxy */;
		};
		EF10A0A2233E4F9F004407B5 /* PBXTargetDependency */ = {
			isa = PBXTargetDependency;
			target = EF10A07E233E4F9D004407B5 /* AccesRecs */;
			targetProxy = EF10A0A1233E4F9F004407B5 /* PBXContainerItemProxy */;
		};
/* End PBXTargetDependency section */

/* Begin XCBuildConfiguration section */
		EF10A0A7233E4F9F004407B5 /* Debug */ = {
			isa = XCBuildConfiguration;
			buildSettings = {
				ALWAYS_SEARCH_USER_PATHS = NO;
				CLANG_ANALYZER_NONNULL = YES;
				CLANG_ANALYZER_NUMBER_OBJECT_CONVERSION = YES_AGGRESSIVE;
				CLANG_CXX_LANGUAGE_STANDARD = "gnu++14";
				CLANG_CXX_LIBRARY = "libc++";
				CLANG_ENABLE_MODULES = YES;
				CLANG_ENABLE_OBJC_ARC = YES;
				CLANG_ENABLE_OBJC_WEAK = YES;
				CLANG_WARN_BLOCK_CAPTURE_AUTORELEASING = YES;
				CLANG_WARN_BOOL_CONVERSION = YES;
				CLANG_WARN_COMMA = YES;
				CLANG_WARN_CONSTANT_CONVERSION = YES;
				CLANG_WARN_DEPRECATED_OBJC_IMPLEMENTATIONS = YES;
				CLANG_WARN_DIRECT_OBJC_ISA_USAGE = YES_ERROR;
				CLANG_WARN_DOCUMENTATION_COMMENTS = YES;
				CLANG_WARN_EMPTY_BODY = YES;
				CLANG_WARN_ENUM_CONVERSION = YES;
				CLANG_WARN_INFINITE_RECURSION = YES;
				CLANG_WARN_INT_CONVERSION = YES;
				CLANG_WARN_NON_LITERAL_NULL_CONVERSION = YES;
				CLANG_WARN_OBJC_IMPLICIT_RETAIN_SELF = YES;
				CLANG_WARN_OBJC_LITERAL_CONVERSION = YES;
				CLANG_WARN_OBJC_ROOT_CLASS = YES_ERROR;
				CLANG_WARN_RANGE_LOOP_ANALYSIS = YES;
				CLANG_WARN_STRICT_PROTOTYPES = YES;
				CLANG_WARN_SUSPICIOUS_MOVE = YES;
				CLANG_WARN_UNGUARDED_AVAILABILITY = YES_AGGRESSIVE;
				CLANG_WARN_UNREACHABLE_CODE = YES;
				CLANG_WARN__DUPLICATE_METHOD_MATCH = YES;
				COPY_PHASE_STRIP = NO;
				DEBUG_INFORMATION_FORMAT = dwarf;
				ENABLE_STRICT_OBJC_MSGSEND = YES;
				ENABLE_TESTABILITY = YES;
				GCC_C_LANGUAGE_STANDARD = gnu11;
				GCC_DYNAMIC_NO_PIC = NO;
				GCC_NO_COMMON_BLOCKS = YES;
				GCC_OPTIMIZATION_LEVEL = 0;
				GCC_PREPROCESSOR_DEFINITIONS = (
					"DEBUG=1",
					"$(inherited)",
				);
				GCC_WARN_64_TO_32_BIT_CONVERSION = YES;
				GCC_WARN_ABOUT_RETURN_TYPE = YES_ERROR;
				GCC_WARN_UNDECLARED_SELECTOR = YES;
				GCC_WARN_UNINITIALIZED_AUTOS = YES_AGGRESSIVE;
				GCC_WARN_UNUSED_FUNCTION = YES;
				GCC_WARN_UNUSED_VARIABLE = YES;
				IPHONEOS_DEPLOYMENT_TARGET = 13.0;
				MTL_ENABLE_DEBUG_INFO = INCLUDE_SOURCE;
				MTL_FAST_MATH = YES;
				ONLY_ACTIVE_ARCH = YES;
				SDKROOT = iphoneos;
				SWIFT_ACTIVE_COMPILATION_CONDITIONS = DEBUG;
				SWIFT_OPTIMIZATION_LEVEL = "-Onone";
			};
			name = Debug;
		};
		EF10A0A8233E4F9F004407B5 /* Release */ = {
			isa = XCBuildConfiguration;
			buildSettings = {
				ALWAYS_SEARCH_USER_PATHS = NO;
				CLANG_ANALYZER_NONNULL = YES;
				CLANG_ANALYZER_NUMBER_OBJECT_CONVERSION = YES_AGGRESSIVE;
				CLANG_CXX_LANGUAGE_STANDARD = "gnu++14";
				CLANG_CXX_LIBRARY = "libc++";
				CLANG_ENABLE_MODULES = YES;
				CLANG_ENABLE_OBJC_ARC = YES;
				CLANG_ENABLE_OBJC_WEAK = YES;
				CLANG_WARN_BLOCK_CAPTURE_AUTORELEASING = YES;
				CLANG_WARN_BOOL_CONVERSION = YES;
				CLANG_WARN_COMMA = YES;
				CLANG_WARN_CONSTANT_CONVERSION = YES;
				CLANG_WARN_DEPRECATED_OBJC_IMPLEMENTATIONS = YES;
				CLANG_WARN_DIRECT_OBJC_ISA_USAGE = YES_ERROR;
				CLANG_WARN_DOCUMENTATION_COMMENTS = YES;
				CLANG_WARN_EMPTY_BODY = YES;
				CLANG_WARN_ENUM_CONVERSION = YES;
				CLANG_WARN_INFINITE_RECURSION = YES;
				CLANG_WARN_INT_CONVERSION = YES;
				CLANG_WARN_NON_LITERAL_NULL_CONVERSION = YES;
				CLANG_WARN_OBJC_IMPLICIT_RETAIN_SELF = YES;
				CLANG_WARN_OBJC_LITERAL_CONVERSION = YES;
				CLANG_WARN_OBJC_ROOT_CLASS = YES_ERROR;
				CLANG_WARN_RANGE_LOOP_ANALYSIS = YES;
				CLANG_WARN_STRICT_PROTOTYPES = YES;
				CLANG_WARN_SUSPICIOUS_MOVE = YES;
				CLANG_WARN_UNGUARDED_AVAILABILITY = YES_AGGRESSIVE;
				CLANG_WARN_UNREACHABLE_CODE = YES;
				CLANG_WARN__DUPLICATE_METHOD_MATCH = YES;
				COPY_PHASE_STRIP = NO;
				DEBUG_INFORMATION_FORMAT = "dwarf-with-dsym";
				ENABLE_NS_ASSERTIONS = NO;
				ENABLE_STRICT_OBJC_MSGSEND = YES;
				GCC_C_LANGUAGE_STANDARD = gnu11;
				GCC_NO_COMMON_BLOCKS = YES;
				GCC_WARN_64_TO_32_BIT_CONVERSION = YES;
				GCC_WARN_ABOUT_RETURN_TYPE = YES_ERROR;
				GCC_WARN_UNDECLARED_SELECTOR = YES;
				GCC_WARN_UNINITIALIZED_AUTOS = YES_AGGRESSIVE;
				GCC_WARN_UNUSED_FUNCTION = YES;
				GCC_WARN_UNUSED_VARIABLE = YES;
				IPHONEOS_DEPLOYMENT_TARGET = 13.0;
				MTL_ENABLE_DEBUG_INFO = NO;
				MTL_FAST_MATH = YES;
				SDKROOT = iphoneos;
				SWIFT_COMPILATION_MODE = wholemodule;
				SWIFT_OPTIMIZATION_LEVEL = "-O";
				VALIDATE_PRODUCT = YES;
			};
			name = Release;
		};
		EF10A0AA233E4F9F004407B5 /* Debug */ = {
			isa = XCBuildConfiguration;
			baseConfigurationReference = D3FDE38787BEBF3A18A14554 /* Pods-AccesRecs.debug.xcconfig */;
			buildSettings = {
				ASSETCATALOG_COMPILER_APPICON_NAME = AppIcon;
				CODE_SIGN_STYLE = Automatic;
				DEVELOPMENT_ASSET_PATHS = "\"AccesRecs/Preview Content\"";
				DEVELOPMENT_TEAM = ZDA76L56DD;
				ENABLE_PREVIEWS = YES;
				INFOPLIST_FILE = AccesRecs/Info.plist;
				LD_RUNPATH_SEARCH_PATHS = (
					"$(inherited)",
					"@executable_path/Frameworks",
				);
				PRODUCT_BUNDLE_IDENTIFIER = EECS495.AccesRecs;
				PRODUCT_NAME = "$(TARGET_NAME)";
				SWIFT_VERSION = 5.0;
				TARGETED_DEVICE_FAMILY = "1,2";
			};
			name = Debug;
		};
		EF10A0AB233E4F9F004407B5 /* Release */ = {
			isa = XCBuildConfiguration;
			baseConfigurationReference = 2BC70FEE2196CE531EAC5045 /* Pods-AccesRecs.release.xcconfig */;
			buildSettings = {
				ASSETCATALOG_COMPILER_APPICON_NAME = AppIcon;
				CODE_SIGN_STYLE = Automatic;
				DEVELOPMENT_ASSET_PATHS = "\"AccesRecs/Preview Content\"";
				DEVELOPMENT_TEAM = ZDA76L56DD;
				ENABLE_PREVIEWS = YES;
				INFOPLIST_FILE = AccesRecs/Info.plist;
				LD_RUNPATH_SEARCH_PATHS = (
					"$(inherited)",
					"@executable_path/Frameworks",
				);
				PRODUCT_BUNDLE_IDENTIFIER = EECS495.AccesRecs;
				PRODUCT_NAME = "$(TARGET_NAME)";
				SWIFT_VERSION = 5.0;
				TARGETED_DEVICE_FAMILY = "1,2";
			};
			name = Release;
		};
		EF10A0AD233E4F9F004407B5 /* Debug */ = {
			isa = XCBuildConfiguration;
			baseConfigurationReference = 41A20671834DC78B6C9AE613 /* Pods-AccesRecsTests.debug.xcconfig */;
			buildSettings = {
				ALWAYS_EMBED_SWIFT_STANDARD_LIBRARIES = YES;
				BUNDLE_LOADER = "$(TEST_HOST)";
				CODE_SIGN_STYLE = Automatic;
				INFOPLIST_FILE = AccesRecsTests/Info.plist;
				IPHONEOS_DEPLOYMENT_TARGET = 13.0;
				LD_RUNPATH_SEARCH_PATHS = (
					"$(inherited)",
					"@executable_path/Frameworks",
					"@loader_path/Frameworks",
				);
				PRODUCT_BUNDLE_IDENTIFIER = EECS495.AccesRecsTests;
				PRODUCT_NAME = "$(TARGET_NAME)";
				SWIFT_VERSION = 5.0;
				TARGETED_DEVICE_FAMILY = "1,2";
				TEST_HOST = "$(BUILT_PRODUCTS_DIR)/AccesRecs.app/AccesRecs";
			};
			name = Debug;
		};
		EF10A0AE233E4F9F004407B5 /* Release */ = {
			isa = XCBuildConfiguration;
			baseConfigurationReference = CB2E5819B307EDA4BD4121B6 /* Pods-AccesRecsTests.release.xcconfig */;
			buildSettings = {
				ALWAYS_EMBED_SWIFT_STANDARD_LIBRARIES = YES;
				BUNDLE_LOADER = "$(TEST_HOST)";
				CODE_SIGN_STYLE = Automatic;
				INFOPLIST_FILE = AccesRecsTests/Info.plist;
				IPHONEOS_DEPLOYMENT_TARGET = 13.0;
				LD_RUNPATH_SEARCH_PATHS = (
					"$(inherited)",
					"@executable_path/Frameworks",
					"@loader_path/Frameworks",
				);
				PRODUCT_BUNDLE_IDENTIFIER = EECS495.AccesRecsTests;
				PRODUCT_NAME = "$(TARGET_NAME)";
				SWIFT_VERSION = 5.0;
				TARGETED_DEVICE_FAMILY = "1,2";
				TEST_HOST = "$(BUILT_PRODUCTS_DIR)/AccesRecs.app/AccesRecs";
			};
			name = Release;
		};
		EF10A0B0233E4F9F004407B5 /* Debug */ = {
			isa = XCBuildConfiguration;
			baseConfigurationReference = C00D2803D300546EA96A9A9F /* Pods-AccesRecs-AccesRecsUITests.debug.xcconfig */;
			buildSettings = {
				ALWAYS_EMBED_SWIFT_STANDARD_LIBRARIES = YES;
				CODE_SIGN_STYLE = Automatic;
				INFOPLIST_FILE = AccesRecsUITests/Info.plist;
				LD_RUNPATH_SEARCH_PATHS = (
					"$(inherited)",
					"@executable_path/Frameworks",
					"@loader_path/Frameworks",
				);
				PRODUCT_BUNDLE_IDENTIFIER = EECS495.AccesRecsUITests;
				PRODUCT_NAME = "$(TARGET_NAME)";
				SWIFT_VERSION = 5.0;
				TARGETED_DEVICE_FAMILY = "1,2";
				TEST_TARGET_NAME = AccesRecs;
			};
			name = Debug;
		};
		EF10A0B1233E4F9F004407B5 /* Release */ = {
			isa = XCBuildConfiguration;
			baseConfigurationReference = 4D35FB84B0B2CFCA723FCFA4 /* Pods-AccesRecs-AccesRecsUITests.release.xcconfig */;
			buildSettings = {
				ALWAYS_EMBED_SWIFT_STANDARD_LIBRARIES = YES;
				CODE_SIGN_STYLE = Automatic;
				INFOPLIST_FILE = AccesRecsUITests/Info.plist;
				LD_RUNPATH_SEARCH_PATHS = (
					"$(inherited)",
					"@executable_path/Frameworks",
					"@loader_path/Frameworks",
				);
				PRODUCT_BUNDLE_IDENTIFIER = EECS495.AccesRecsUITests;
				PRODUCT_NAME = "$(TARGET_NAME)";
				SWIFT_VERSION = 5.0;
				TARGETED_DEVICE_FAMILY = "1,2";
				TEST_TARGET_NAME = AccesRecs;
			};
			name = Release;
		};
/* End XCBuildConfiguration section */

/* Begin XCConfigurationList section */
		EF10A07A233E4F9D004407B5 /* Build configuration list for PBXProject "AccesRecs" */ = {
			isa = XCConfigurationList;
			buildConfigurations = (
				EF10A0A7233E4F9F004407B5 /* Debug */,
				EF10A0A8233E4F9F004407B5 /* Release */,
			);
			defaultConfigurationIsVisible = 0;
			defaultConfigurationName = Release;
		};
		EF10A0A9233E4F9F004407B5 /* Build configuration list for PBXNativeTarget "AccesRecs" */ = {
			isa = XCConfigurationList;
			buildConfigurations = (
				EF10A0AA233E4F9F004407B5 /* Debug */,
				EF10A0AB233E4F9F004407B5 /* Release */,
			);
			defaultConfigurationIsVisible = 0;
			defaultConfigurationName = Release;
		};
		EF10A0AC233E4F9F004407B5 /* Build configuration list for PBXNativeTarget "AccesRecsTests" */ = {
			isa = XCConfigurationList;
			buildConfigurations = (
				EF10A0AD233E4F9F004407B5 /* Debug */,
				EF10A0AE233E4F9F004407B5 /* Release */,
			);
			defaultConfigurationIsVisible = 0;
			defaultConfigurationName = Release;
		};
		EF10A0AF233E4F9F004407B5 /* Build configuration list for PBXNativeTarget "AccesRecsUITests" */ = {
			isa = XCConfigurationList;
			buildConfigurations = (
				EF10A0B0233E4F9F004407B5 /* Debug */,
				EF10A0B1233E4F9F004407B5 /* Release */,
			);
			defaultConfigurationIsVisible = 0;
			defaultConfigurationName = Release;
		};
/* End XCConfigurationList section */
	};
	rootObject = EF10A077233E4F9D004407B5 /* Project object */;
}
